// !$*UTF8*$!
{
	archiveVersion = 1;
	classes = {
	};
	objectVersion = 50;
	objects = {

/* Begin PBXBuildFile section */
		1A7AA3CB25E3C8F6007F7288 /* AppDelegate.swift in Sources */ = {isa = PBXBuildFile; fileRef = 1A7AA3CA25E3C8F6007F7288 /* AppDelegate.swift */; };
		1A7AA3CD25E3C8F6007F7288 /* SceneDelegate.swift in Sources */ = {isa = PBXBuildFile; fileRef = 1A7AA3CC25E3C8F6007F7288 /* SceneDelegate.swift */; };
		1A7AA3CF25E3C8F6007F7288 /* ContentView.swift in Sources */ = {isa = PBXBuildFile; fileRef = 1A7AA3CE25E3C8F6007F7288 /* ContentView.swift */; };
		1A7AA3D125E3C8F6007F7288 /* Assets.xcassets in Resources */ = {isa = PBXBuildFile; fileRef = 1A7AA3D025E3C8F6007F7288 /* Assets.xcassets */; };
		1A7AA3D425E3C8F6007F7288 /* Preview Assets.xcassets in Resources */ = {isa = PBXBuildFile; fileRef = 1A7AA3D325E3C8F6007F7288 /* Preview Assets.xcassets */; };
		1A7AA3D725E3C8F6007F7288 /* LaunchScreen.storyboard in Resources */ = {isa = PBXBuildFile; fileRef = 1A7AA3D525E3C8F6007F7288 /* LaunchScreen.storyboard */; };
		1A7AA3E225E3C8F6007F7288 /* WanAndroidSwiftUITests.swift in Sources */ = {isa = PBXBuildFile; fileRef = 1A7AA3E125E3C8F6007F7288 /* WanAndroidSwiftUITests.swift */; };
		1A7AA3ED25E3C8F6007F7288 /* WanAndroidSwiftUIUITests.swift in Sources */ = {isa = PBXBuildFile; fileRef = 1A7AA3EC25E3C8F6007F7288 /* WanAndroidSwiftUIUITests.swift */; };
/* End PBXBuildFile section */

/* Begin PBXContainerItemProxy section */
		1A7AA3DE25E3C8F6007F7288 /* PBXContainerItemProxy */ = {
			isa = PBXContainerItemProxy;
			containerPortal = 1A7AA3BF25E3C8F6007F7288 /* Project object */;
			proxyType = 1;
			remoteGlobalIDString = 1A7AA3C625E3C8F6007F7288;
			remoteInfo = WanAndroidSwiftUI;
		};
		1A7AA3E925E3C8F6007F7288 /* PBXContainerItemProxy */ = {
			isa = PBXContainerItemProxy;
			containerPortal = 1A7AA3BF25E3C8F6007F7288 /* Project object */;
			proxyType = 1;
			remoteGlobalIDString = 1A7AA3C625E3C8F6007F7288;
			remoteInfo = WanAndroidSwiftUI;
		};
/* End PBXContainerItemProxy section */

/* Begin PBXFileReference section */
		1A7AA3C725E3C8F6007F7288 /* WanAndroidSwiftUI.app */ = {isa = PBXFileReference; explicitFileType = wrapper.application; includeInIndex = 0; path = WanAndroidSwiftUI.app; sourceTree = BUILT_PRODUCTS_DIR; };
		1A7AA3CA25E3C8F6007F7288 /* AppDelegate.swift */ = {isa = PBXFileReference; lastKnownFileType = sourcecode.swift; path = AppDelegate.swift; sourceTree = "<group>"; };
		1A7AA3CC25E3C8F6007F7288 /* SceneDelegate.swift */ = {isa = PBXFileReference; lastKnownFileType = sourcecode.swift; path = SceneDelegate.swift; sourceTree = "<group>"; };
		1A7AA3CE25E3C8F6007F7288 /* ContentView.swift */ = {isa = PBXFileReference; lastKnownFileType = sourcecode.swift; path = ContentView.swift; sourceTree = "<group>"; };
		1A7AA3D025E3C8F6007F7288 /* Assets.xcassets */ = {isa = PBXFileReference; lastKnownFileType = folder.assetcatalog; path = Assets.xcassets; sourceTree = "<group>"; };
		1A7AA3D325E3C8F6007F7288 /* Preview Assets.xcassets */ = {isa = PBXFileReference; lastKnownFileType = folder.assetcatalog; path = "Preview Assets.xcassets"; sourceTree = "<group>"; };
		1A7AA3D625E3C8F6007F7288 /* Base */ = {isa = PBXFileReference; lastKnownFileType = file.storyboard; name = Base; path = Base.lproj/LaunchScreen.storyboard; sourceTree = "<group>"; };
		1A7AA3D825E3C8F6007F7288 /* Info.plist */ = {isa = PBXFileReference; lastKnownFileType = text.plist.xml; path = Info.plist; sourceTree = "<group>"; };
		1A7AA3DD25E3C8F6007F7288 /* WanAndroidSwiftUITests.xctest */ = {isa = PBXFileReference; explicitFileType = wrapper.cfbundle; includeInIndex = 0; path = WanAndroidSwiftUITests.xctest; sourceTree = BUILT_PRODUCTS_DIR; };
		1A7AA3E125E3C8F6007F7288 /* WanAndroidSwiftUITests.swift */ = {isa = PBXFileReference; lastKnownFileType = sourcecode.swift; path = WanAndroidSwiftUITests.swift; sourceTree = "<group>"; };
		1A7AA3E325E3C8F6007F7288 /* Info.plist */ = {isa = PBXFileReference; lastKnownFileType = text.plist.xml; path = Info.plist; sourceTree = "<group>"; };
		1A7AA3E825E3C8F6007F7288 /* WanAndroidSwiftUIUITests.xctest */ = {isa = PBXFileReference; explicitFileType = wrapper.cfbundle; includeInIndex = 0; path = WanAndroidSwiftUIUITests.xctest; sourceTree = BUILT_PRODUCTS_DIR; };
		1A7AA3EC25E3C8F6007F7288 /* WanAndroidSwiftUIUITests.swift */ = {isa = PBXFileReference; lastKnownFileType = sourcecode.swift; path = WanAndroidSwiftUIUITests.swift; sourceTree = "<group>"; };
		1A7AA3EE25E3C8F7007F7288 /* Info.plist */ = {isa = PBXFileReference; lastKnownFileType = text.plist.xml; path = Info.plist; sourceTree = "<group>"; };
/* End PBXFileReference section */

/* Begin PBXFrameworksBuildPhase section */
		1A7AA3C425E3C8F6007F7288 /* Frameworks */ = {
			isa = PBXFrameworksBuildPhase;
			buildActionMask = 2147483647;
			files = (
			);
			runOnlyForDeploymentPostprocessing = 0;
		};
		1A7AA3DA25E3C8F6007F7288 /* Frameworks */ = {
			isa = PBXFrameworksBuildPhase;
			buildActionMask = 2147483647;
			files = (
			);
			runOnlyForDeploymentPostprocessing = 0;
		};
		1A7AA3E525E3C8F6007F7288 /* Frameworks */ = {
			isa = PBXFrameworksBuildPhase;
			buildActionMask = 2147483647;
			files = (
			);
			runOnlyForDeploymentPostprocessing = 0;
		};
/* End PBXFrameworksBuildPhase section */

/* Begin PBXGroup section */
		1A7AA3BE25E3C8F6007F7288 = {
			isa = PBXGroup;
			children = (
				1A7AA3C925E3C8F6007F7288 /* WanAndroidSwiftUI */,
				1A7AA3E025E3C8F6007F7288 /* WanAndroidSwiftUITests */,
				1A7AA3EB25E3C8F6007F7288 /* WanAndroidSwiftUIUITests */,
				1A7AA3C825E3C8F6007F7288 /* Products */,
			);
			sourceTree = "<group>";
		};
		1A7AA3C825E3C8F6007F7288 /* Products */ = {
			isa = PBXGroup;
			children = (
				1A7AA3C725E3C8F6007F7288 /* WanAndroidSwiftUI.app */,
				1A7AA3DD25E3C8F6007F7288 /* WanAndroidSwiftUITests.xctest */,
				1A7AA3E825E3C8F6007F7288 /* WanAndroidSwiftUIUITests.xctest */,
			);
			name = Products;
			sourceTree = "<group>";
		};
		1A7AA3C925E3C8F6007F7288 /* WanAndroidSwiftUI */ = {
			isa = PBXGroup;
			children = (
				1A7AA3CA25E3C8F6007F7288 /* AppDelegate.swift */,
				1A7AA3CC25E3C8F6007F7288 /* SceneDelegate.swift */,
				1A7AA3CE25E3C8F6007F7288 /* ContentView.swift */,
				1A7AA3D025E3C8F6007F7288 /* Assets.xcassets */,
				1A7AA3D525E3C8F6007F7288 /* LaunchScreen.storyboard */,
				1A7AA3D825E3C8F6007F7288 /* Info.plist */,
				1A7AA3D225E3C8F6007F7288 /* Preview Content */,
			);
			path = WanAndroidSwiftUI;
			sourceTree = "<group>";
		};
		1A7AA3D225E3C8F6007F7288 /* Preview Content */ = {
			isa = PBXGroup;
			children = (
				1A7AA3D325E3C8F6007F7288 /* Preview Assets.xcassets */,
			);
			path = "Preview Content";
			sourceTree = "<group>";
		};
		1A7AA3E025E3C8F6007F7288 /* WanAndroidSwiftUITests */ = {
			isa = PBXGroup;
			children = (
				1A7AA3E125E3C8F6007F7288 /* WanAndroidSwiftUITests.swift */,
				1A7AA3E325E3C8F6007F7288 /* Info.plist */,
			);
			path = WanAndroidSwiftUITests;
			sourceTree = "<group>";
		};
		1A7AA3EB25E3C8F6007F7288 /* WanAndroidSwiftUIUITests */ = {
			isa = PBXGroup;
			children = (
				1A7AA3EC25E3C8F6007F7288 /* WanAndroidSwiftUIUITests.swift */,
				1A7AA3EE25E3C8F7007F7288 /* Info.plist */,
			);
			path = WanAndroidSwiftUIUITests;
			sourceTree = "<group>";
		};
/* End PBXGroup section */

/* Begin PBXNativeTarget section */
		1A7AA3C625E3C8F6007F7288 /* WanAndroidSwiftUI */ = {
			isa = PBXNativeTarget;
			buildConfigurationList = 1A7AA3F125E3C8F7007F7288 /* Build configuration list for PBXNativeTarget "WanAndroidSwiftUI" */;
			buildPhases = (
				1A7AA3C325E3C8F6007F7288 /* Sources */,
				1A7AA3C425E3C8F6007F7288 /* Frameworks */,
				1A7AA3C525E3C8F6007F7288 /* Resources */,
			);
			buildRules = (
			);
			dependencies = (
			);
			name = WanAndroidSwiftUI;
			productName = WanAndroidSwiftUI;
			productReference = 1A7AA3C725E3C8F6007F7288 /* WanAndroidSwiftUI.app */;
			productType = "com.apple.product-type.application";
		};
		1A7AA3DC25E3C8F6007F7288 /* WanAndroidSwiftUITests */ = {
			isa = PBXNativeTarget;
			buildConfigurationList = 1A7AA3F425E3C8F7007F7288 /* Build configuration list for PBXNativeTarget "WanAndroidSwiftUITests" */;
			buildPhases = (
				1A7AA3D925E3C8F6007F7288 /* Sources */,
				1A7AA3DA25E3C8F6007F7288 /* Frameworks */,
				1A7AA3DB25E3C8F6007F7288 /* Resources */,
			);
			buildRules = (
			);
			dependencies = (
				1A7AA3DF25E3C8F6007F7288 /* PBXTargetDependency */,
			);
			name = WanAndroidSwiftUITests;
			productName = WanAndroidSwiftUITests;
			productReference = 1A7AA3DD25E3C8F6007F7288 /* WanAndroidSwiftUITests.xctest */;
			productType = "com.apple.product-type.bundle.unit-test";
		};
		1A7AA3E725E3C8F6007F7288 /* WanAndroidSwiftUIUITests */ = {
			isa = PBXNativeTarget;
			buildConfigurationList = 1A7AA3F725E3C8F7007F7288 /* Build configuration list for PBXNativeTarget "WanAndroidSwiftUIUITests" */;
			buildPhases = (
				1A7AA3E425E3C8F6007F7288 /* Sources */,
				1A7AA3E525E3C8F6007F7288 /* Frameworks */,
				1A7AA3E625E3C8F6007F7288 /* Resources */,
			);
			buildRules = (
			);
			dependencies = (
				1A7AA3EA25E3C8F6007F7288 /* PBXTargetDependency */,
			);
			name = WanAndroidSwiftUIUITests;
			productName = WanAndroidSwiftUIUITests;
			productReference = 1A7AA3E825E3C8F6007F7288 /* WanAndroidSwiftUIUITests.xctest */;
			productType = "com.apple.product-type.bundle.ui-testing";
		};
/* End PBXNativeTarget section */

/* Begin PBXProject section */
		1A7AA3BF25E3C8F6007F7288 /* Project object */ = {
			isa = PBXProject;
			attributes = {
				LastSwiftUpdateCheck = 1240;
				LastUpgradeCheck = 1240;
				TargetAttributes = {
					1A7AA3C625E3C8F6007F7288 = {
						CreatedOnToolsVersion = 12.4;
					};
					1A7AA3DC25E3C8F6007F7288 = {
						CreatedOnToolsVersion = 12.4;
						TestTargetID = 1A7AA3C625E3C8F6007F7288;
					};
					1A7AA3E725E3C8F6007F7288 = {
						CreatedOnToolsVersion = 12.4;
						TestTargetID = 1A7AA3C625E3C8F6007F7288;
					};
				};
			};
			buildConfigurationList = 1A7AA3C225E3C8F6007F7288 /* Build configuration list for PBXProject "WanAndroidSwiftUI" */;
			compatibilityVersion = "Xcode 9.3";
			developmentRegion = en;
			hasScannedForEncodings = 0;
			knownRegions = (
				en,
				Base,
			);
			mainGroup = 1A7AA3BE25E3C8F6007F7288;
			productRefGroup = 1A7AA3C825E3C8F6007F7288 /* Products */;
			projectDirPath = "";
			projectRoot = "";
			targets = (
				1A7AA3C625E3C8F6007F7288 /* WanAndroidSwiftUI */,
				1A7AA3DC25E3C8F6007F7288 /* WanAndroidSwiftUITests */,
				1A7AA3E725E3C8F6007F7288 /* WanAndroidSwiftUIUITests */,
			);
		};
/* End PBXProject section */

/* Begin PBXResourcesBuildPhase section */
		1A7AA3C525E3C8F6007F7288 /* Resources */ = {
			isa = PBXResourcesBuildPhase;
			buildActionMask = 2147483647;
			files = (
				1A7AA3D725E3C8F6007F7288 /* LaunchScreen.storyboard in Resources */,
				1A7AA3D425E3C8F6007F7288 /* Preview Assets.xcassets in Resources */,
				1A7AA3D125E3C8F6007F7288 /* Assets.xcassets in Resources */,
			);
			runOnlyForDeploymentPostprocessing = 0;
		};
		1A7AA3DB25E3C8F6007F7288 /* Resources */ = {
			isa = PBXResourcesBuildPhase;
			buildActionMask = 2147483647;
			files = (
			);
			runOnlyForDeploymentPostprocessing = 0;
		};
		1A7AA3E625E3C8F6007F7288 /* Resources */ = {
			isa = PBXResourcesBuildPhase;
			buildActionMask = 2147483647;
			files = (
			);
			runOnlyForDeploymentPostprocessing = 0;
		};
/* End PBXResourcesBuildPhase section */

/* Begin PBXSourcesBuildPhase section */
		1A7AA3C325E3C8F6007F7288 /* Sources */ = {
			isa = PBXSourcesBuildPhase;
			buildActionMask = 2147483647;
			files = (
				1A7AA3CB25E3C8F6007F7288 /* AppDelegate.swift in Sources */,
				1A7AA3CD25E3C8F6007F7288 /* SceneDelegate.swift in Sources */,
				1A7AA3CF25E3C8F6007F7288 /* ContentView.swift in Sources */,
			);
			runOnlyForDeploymentPostprocessing = 0;
		};
		1A7AA3D925E3C8F6007F7288 /* Sources */ = {
			isa = PBXSourcesBuildPhase;
			buildActionMask = 2147483647;
			files = (
				1A7AA3E225E3C8F6007F7288 /* WanAndroidSwiftUITests.swift in Sources */,
			);
			runOnlyForDeploymentPostprocessing = 0;
		};
		1A7AA3E425E3C8F6007F7288 /* Sources */ = {
			isa = PBXSourcesBuildPhase;
			buildActionMask = 2147483647;
			files = (
				1A7AA3ED25E3C8F6007F7288 /* WanAndroidSwiftUIUITests.swift in Sources */,
			);
			runOnlyForDeploymentPostprocessing = 0;
		};
/* End PBXSourcesBuildPhase section */

/* Begin PBXTargetDependency section */
		1A7AA3DF25E3C8F6007F7288 /* PBXTargetDependency */ = {
			isa = PBXTargetDependency;
			target = 1A7AA3C625E3C8F6007F7288 /* WanAndroidSwiftUI */;
			targetProxy = 1A7AA3DE25E3C8F6007F7288 /* PBXContainerItemProxy */;
		};
		1A7AA3EA25E3C8F6007F7288 /* PBXTargetDependency */ = {
			isa = PBXTargetDependency;
			target = 1A7AA3C625E3C8F6007F7288 /* WanAndroidSwiftUI */;
			targetProxy = 1A7AA3E925E3C8F6007F7288 /* PBXContainerItemProxy */;
		};
/* End PBXTargetDependency section */

/* Begin PBXVariantGroup section */
		1A7AA3D525E3C8F6007F7288 /* LaunchScreen.storyboard */ = {
			isa = PBXVariantGroup;
			children = (
				1A7AA3D625E3C8F6007F7288 /* Base */,
			);
			name = LaunchScreen.storyboard;
			sourceTree = "<group>";
		};
/* End PBXVariantGroup section */

/* Begin XCBuildConfiguration section */
		1A7AA3EF25E3C8F7007F7288 /* Debug */ = {
			isa = XCBuildConfiguration;
			buildSettings = {
				ALWAYS_SEARCH_USER_PATHS = NO;
				CLANG_ANALYZER_NONNULL = YES;
				CLANG_ANALYZER_NUMBER_OBJECT_CONVERSION = YES_AGGRESSIVE;
				CLANG_CXX_LANGUAGE_STANDARD = "gnu++14";
				CLANG_CXX_LIBRARY = "libc++";
				CLANG_ENABLE_MODULES = YES;
				CLANG_ENABLE_OBJC_ARC = YES;
				CLANG_ENABLE_OBJC_WEAK = YES;
				CLANG_WARN_BLOCK_CAPTURE_AUTORELEASING = YES;
				CLANG_WARN_BOOL_CONVERSION = YES;
				CLANG_WARN_COMMA = YES;
				CLANG_WARN_CONSTANT_CONVERSION = YES;
				CLANG_WARN_DEPRECATED_OBJC_IMPLEMENTATIONS = YES;
				CLANG_WARN_DIRECT_OBJC_ISA_USAGE = YES_ERROR;
				CLANG_WARN_DOCUMENTATION_COMMENTS = YES;
				CLANG_WARN_EMPTY_BODY = YES;
				CLANG_WARN_ENUM_CONVERSION = YES;
				CLANG_WARN_INFINITE_RECURSION = YES;
				CLANG_WARN_INT_CONVERSION = YES;
				CLANG_WARN_NON_LITERAL_NULL_CONVERSION = YES;
				CLANG_WARN_OBJC_IMPLICIT_RETAIN_SELF = YES;
				CLANG_WARN_OBJC_LITERAL_CONVERSION = YES;
				CLANG_WARN_OBJC_ROOT_CLASS = YES_ERROR;
				CLANG_WARN_QUOTED_INCLUDE_IN_FRAMEWORK_HEADER = YES;
				CLANG_WARN_RANGE_LOOP_ANALYSIS = YES;
				CLANG_WARN_STRICT_PROTOTYPES = YES;
				CLANG_WARN_SUSPICIOUS_MOVE = YES;
				CLANG_WARN_UNGUARDED_AVAILABILITY = YES_AGGRESSIVE;
				CLANG_WARN_UNREACHABLE_CODE = YES;
				CLANG_WARN__DUPLICATE_METHOD_MATCH = YES;
				COPY_PHASE_STRIP = NO;
				DEBUG_INFORMATION_FORMAT = dwarf;
				ENABLE_STRICT_OBJC_MSGSEND = YES;
				ENABLE_TESTABILITY = YES;
				GCC_C_LANGUAGE_STANDARD = gnu11;
				GCC_DYNAMIC_NO_PIC = NO;
				GCC_NO_COMMON_BLOCKS = YES;
				GCC_OPTIMIZATION_LEVEL = 0;
				GCC_PREPROCESSOR_DEFINITIONS = (
					"DEBUG=1",
					"$(inherited)",
				);
				GCC_WARN_64_TO_32_BIT_CONVERSION = YES;
				GCC_WARN_ABOUT_RETURN_TYPE = YES_ERROR;
				GCC_WARN_UNDECLARED_SELECTOR = YES;
				GCC_WARN_UNINITIALIZED_AUTOS = YES_AGGRESSIVE;
				GCC_WARN_UNUSED_FUNCTION = YES;
				GCC_WARN_UNUSED_VARIABLE = YES;
				IPHONEOS_DEPLOYMENT_TARGET = 14.4;
				MTL_ENABLE_DEBUG_INFO = INCLUDE_SOURCE;
				MTL_FAST_MATH = YES;
				ONLY_ACTIVE_ARCH = YES;
				SDKROOT = iphoneos;
				SWIFT_ACTIVE_COMPILATION_CONDITIONS = DEBUG;
				SWIFT_OPTIMIZATION_LEVEL = "-Onone";
			};
			name = Debug;
		};
		1A7AA3F025E3C8F7007F7288 /* Release */ = {
			isa = XCBuildConfiguration;
			buildSettings = {
				ALWAYS_SEARCH_USER_PATHS = NO;
				CLANG_ANALYZER_NONNULL = YES;
				CLANG_ANALYZER_NUMBER_OBJECT_CONVERSION = YES_AGGRESSIVE;
				CLANG_CXX_LANGUAGE_STANDARD = "gnu++14";
				CLANG_CXX_LIBRARY = "libc++";
				CLANG_ENABLE_MODULES = YES;
				CLANG_ENABLE_OBJC_ARC = YES;
				CLANG_ENABLE_OBJC_WEAK = YES;
				CLANG_WARN_BLOCK_CAPTURE_AUTORELEASING = YES;
				CLANG_WARN_BOOL_CONVERSION = YES;
				CLANG_WARN_COMMA = YES;
				CLANG_WARN_CONSTANT_CONVERSION = YES;
				CLANG_WARN_DEPRECATED_OBJC_IMPLEMENTATIONS = YES;
				CLANG_WARN_DIRECT_OBJC_ISA_USAGE = YES_ERROR;
				CLANG_WARN_DOCUMENTATION_COMMENTS = YES;
				CLANG_WARN_EMPTY_BODY = YES;
				CLANG_WARN_ENUM_CONVERSION = YES;
				CLANG_WARN_INFINITE_RECURSION = YES;
				CLANG_WARN_INT_CONVERSION = YES;
				CLANG_WARN_NON_LITERAL_NULL_CONVERSION = YES;
				CLANG_WARN_OBJC_IMPLICIT_RETAIN_SELF = YES;
				CLANG_WARN_OBJC_LITERAL_CONVERSION = YES;
				CLANG_WARN_OBJC_ROOT_CLASS = YES_ERROR;
				CLANG_WARN_QUOTED_INCLUDE_IN_FRAMEWORK_HEADER = YES;
				CLANG_WARN_RANGE_LOOP_ANALYSIS = YES;
				CLANG_WARN_STRICT_PROTOTYPES = YES;
				CLANG_WARN_SUSPICIOUS_MOVE = YES;
				CLANG_WARN_UNGUARDED_AVAILABILITY = YES_AGGRESSIVE;
				CLANG_WARN_UNREACHABLE_CODE = YES;
				CLANG_WARN__DUPLICATE_METHOD_MATCH = YES;
				COPY_PHASE_STRIP = NO;
				DEBUG_INFORMATION_FORMAT = "dwarf-with-dsym";
				ENABLE_NS_ASSERTIONS = NO;
				ENABLE_STRICT_OBJC_MSGSEND = YES;
				GCC_C_LANGUAGE_STANDARD = gnu11;
				GCC_NO_COMMON_BLOCKS = YES;
				GCC_WARN_64_TO_32_BIT_CONVERSION = YES;
				GCC_WARN_ABOUT_RETURN_TYPE = YES_ERROR;
				GCC_WARN_UNDECLARED_SELECTOR = YES;
				GCC_WARN_UNINITIALIZED_AUTOS = YES_AGGRESSIVE;
				GCC_WARN_UNUSED_FUNCTION = YES;
				GCC_WARN_UNUSED_VARIABLE = YES;
				IPHONEOS_DEPLOYMENT_TARGET = 14.4;
				MTL_ENABLE_DEBUG_INFO = NO;
				MTL_FAST_MATH = YES;
				SDKROOT = iphoneos;
				SWIFT_COMPILATION_MODE = wholemodule;
				SWIFT_OPTIMIZATION_LEVEL = "-O";
				VALIDATE_PRODUCT = YES;
			};
			name = Release;
		};
		1A7AA3F225E3C8F7007F7288 /* Debug */ = {
			isa = XCBuildConfiguration;
			buildSettings = {
				ASSETCATALOG_COMPILER_APPICON_NAME = AppIcon;
				ASSETCATALOG_COMPILER_GLOBAL_ACCENT_COLOR_NAME = AccentColor;
				CODE_SIGN_STYLE = Automatic;
				DEVELOPMENT_ASSET_PATHS = "\"WanAndroidSwiftUI/Preview Content\"";
				DEVELOPMENT_TEAM = F275H39946;
				ENABLE_PREVIEWS = YES;
				INFOPLIST_FILE = WanAndroidSwiftUI/Info.plist;
				IPHONEOS_DEPLOYMENT_TARGET = 13.0;
				LD_RUNPATH_SEARCH_PATHS = (
					"$(inherited)",
					"@executable_path/Frameworks",
				);
				PRODUCT_BUNDLE_IDENTIFIER = com.violin.WanAndroidSwiftUI;
				PRODUCT_NAME = "$(TARGET_NAME)";
				SWIFT_VERSION = 5.0;
				TARGETED_DEVICE_FAMILY = "1,2";
			};
			name = Debug;
		};
		1A7AA3F325E3C8F7007F7288 /* Release */ = {
			isa = XCBuildConfiguration;
			buildSettings = {
				ASSETCATALOG_COMPILER_APPICON_NAME = AppIcon;
				ASSETCATALOG_COMPILER_GLOBAL_ACCENT_COLOR_NAME = AccentColor;
				CODE_SIGN_STYLE = Automatic;
				DEVELOPMENT_ASSET_PATHS = "\"WanAndroidSwiftUI/Preview Content\"";
				DEVELOPMENT_TEAM = F275H39946;
				ENABLE_PREVIEWS = YES;
				INFOPLIST_FILE = WanAndroidSwiftUI/Info.plist;
				IPHONEOS_DEPLOYMENT_TARGET = 13.0;
				LD_RUNPATH_SEARCH_PATHS = (
					"$(inherited)",
					"@executable_path/Frameworks",
				);
				PRODUCT_BUNDLE_IDENTIFIER = com.violin.WanAndroidSwiftUI;
				PRODUCT_NAME = "$(TARGET_NAME)";
				SWIFT_VERSION = 5.0;
				TARGETED_DEVICE_FAMILY = "1,2";
			};
			name = Release;
		};
		1A7AA3F525E3C8F7007F7288 /* Debug */ = {
			isa = XCBuildConfiguration;
			buildSettings = {
				ALWAYS_EMBED_SWIFT_STANDARD_LIBRARIES = YES;
				BUNDLE_LOADER = "$(TEST_HOST)";
				CODE_SIGN_STYLE = Automatic;
				DEVELOPMENT_TEAM = F275H39946;
				INFOPLIST_FILE = WanAndroidSwiftUITests/Info.plist;
				IPHONEOS_DEPLOYMENT_TARGET = 14.4;
				LD_RUNPATH_SEARCH_PATHS = (
					"$(inherited)",
					"@executable_path/Frameworks",
					"@loader_path/Frameworks",
				);
				PRODUCT_BUNDLE_IDENTIFIER = com.violin.WanAndroidSwiftUITests;
				PRODUCT_NAME = "$(TARGET_NAME)";
				SWIFT_VERSION = 5.0;
				TARGETED_DEVICE_FAMILY = "1,2";
				TEST_HOST = "$(BUILT_PRODUCTS_DIR)/WanAndroidSwiftUI.app/WanAndroidSwiftUI";
			};
			name = Debug;
		};
		1A7AA3F625E3C8F7007F7288 /* Release */ = {
			isa = XCBuildConfiguration;
			buildSettings = {
				ALWAYS_EMBED_SWIFT_STANDARD_LIBRARIES = YES;
				BUNDLE_LOADER = "$(TEST_HOST)";
				CODE_SIGN_STYLE = Automatic;
				DEVELOPMENT_TEAM = F275H39946;
				INFOPLIST_FILE = WanAndroidSwiftUITests/Info.plist;
				IPHONEOS_DEPLOYMENT_TARGET = 14.4;
				LD_RUNPATH_SEARCH_PATHS = (
					"$(inherited)",
					"@executable_path/Frameworks",
					"@loader_path/Frameworks",
				);
				PRODUCT_BUNDLE_IDENTIFIER = com.violin.WanAndroidSwiftUITests;
				PRODUCT_NAME = "$(TARGET_NAME)";
				SWIFT_VERSION = 5.0;
				TARGETED_DEVICE_FAMILY = "1,2";
				TEST_HOST = "$(BUILT_PRODUCTS_DIR)/WanAndroidSwiftUI.app/WanAndroidSwiftUI";
			};
			name = Release;
		};
		1A7AA3F825E3C8F7007F7288 /* Debug */ = {
			isa = XCBuildConfiguration;
			buildSettings = {
				ALWAYS_EMBED_SWIFT_STANDARD_LIBRARIES = YES;
				CODE_SIGN_STYLE = Automatic;
				DEVELOPMENT_TEAM = F275H39946;
				INFOPLIST_FILE = WanAndroidSwiftUIUITests/Info.plist;
				LD_RUNPATH_SEARCH_PATHS = (
					"$(inherited)",
					"@executable_path/Frameworks",
					"@loader_path/Frameworks",
				);
				PRODUCT_BUNDLE_IDENTIFIER = com.violin.WanAndroidSwiftUIUITests;
				PRODUCT_NAME = "$(TARGET_NAME)";
				SWIFT_VERSION = 5.0;
				TARGETED_DEVICE_FAMILY = "1,2";
				TEST_TARGET_NAME = WanAndroidSwiftUI;
			};
			name = Debug;
		};
		1A7AA3F925E3C8F7007F7288 /* Release */ = {
			isa = XCBuildConfiguration;
			buildSettings = {
				ALWAYS_EMBED_SWIFT_STANDARD_LIBRARIES = YES;
				CODE_SIGN_STYLE = Automatic;
				DEVELOPMENT_TEAM = F275H39946;
				INFOPLIST_FILE = WanAndroidSwiftUIUITests/Info.plist;
				LD_RUNPATH_SEARCH_PATHS = (
					"$(inherited)",
					"@executable_path/Frameworks",
					"@loader_path/Frameworks",
				);
				PRODUCT_BUNDLE_IDENTIFIER = com.violin.WanAndroidSwiftUIUITests;
				PRODUCT_NAME = "$(TARGET_NAME)";
				SWIFT_VERSION = 5.0;
				TARGETED_DEVICE_FAMILY = "1,2";
				TEST_TARGET_NAME = WanAndroidSwiftUI;
			};
			name = Release;
		};
/* End XCBuildConfiguration section */

/* Begin XCConfigurationList section */
		1A7AA3C225E3C8F6007F7288 /* Build configuration list for PBXProject "WanAndroidSwiftUI" */ = {
			isa = XCConfigurationList;
			buildConfigurations = (
				1A7AA3EF25E3C8F7007F7288 /* Debug */,
				1A7AA3F025E3C8F7007F7288 /* Release */,
			);
			defaultConfigurationIsVisible = 0;
			defaultConfigurationName = Release;
		};
		1A7AA3F125E3C8F7007F7288 /* Build configuration list for PBXNativeTarget "WanAndroidSwiftUI" */ = {
			isa = XCConfigurationList;
			buildConfigurations = (
				1A7AA3F225E3C8F7007F7288 /* Debug */,
				1A7AA3F325E3C8F7007F7288 /* Release */,
			);
			defaultConfigurationIsVisible = 0;
			defaultConfigurationName = Release;
		};
		1A7AA3F425E3C8F7007F7288 /* Build configuration list for PBXNativeTarget "WanAndroidSwiftUITests" */ = {
			isa = XCConfigurationList;
			buildConfigurations = (
				1A7AA3F525E3C8F7007F7288 /* Debug */,
				1A7AA3F625E3C8F7007F7288 /* Release */,
			);
			defaultConfigurationIsVisible = 0;
			defaultConfigurationName = Release;
		};
		1A7AA3F725E3C8F7007F7288 /* Build configuration list for PBXNativeTarget "WanAndroidSwiftUIUITests" */ = {
			isa = XCConfigurationList;
			buildConfigurations = (
				1A7AA3F825E3C8F7007F7288 /* Debug */,
				1A7AA3F925E3C8F7007F7288 /* Release */,
			);
			defaultConfigurationIsVisible = 0;
			defaultConfigurationName = Release;
		};
/* End XCConfigurationList section */
	};
	rootObject = 1A7AA3BF25E3C8F6007F7288 /* Project object */;
}
