// !$*UTF8*$!
{
	archiveVersion = 1;
	classes = {
	};
	objectVersion = 51;
	objects = {

/* Begin PBXBuildFile section */
		1A1790EA25FA041100B1C728 /* PKHUDExtension.swift in Sources */ = {isa = PBXBuildFile; fileRef = 1A1790E925FA041100B1C728 /* PKHUDExtension.swift */; };
		1A5808A42636A8CD00277E1F /* TreeDataHandler.swift in Sources */ = {isa = PBXBuildFile; fileRef = 1A5808A32636A8CD00277E1F /* TreeDataHandler.swift */; };
		1A6396C325EF3B2500DF5B37 /* Config.swift in Sources */ = {isa = PBXBuildFile; fileRef = 1A6396C225EF3B2500DF5B37 /* Config.swift */; };
		1A6396CB25EF3B6C00DF5B37 /* Config+URL.swift in Sources */ = {isa = PBXBuildFile; fileRef = 1A6396CA25EF3B6C00DF5B37 /* Config+URL.swift */; };
		1A6396D125EF6D2E00DF5B37 /* HomeDataHandler.swift in Sources */ = {isa = PBXBuildFile; fileRef = 1A6396D025EF6D2E00DF5B37 /* HomeDataHandler.swift */; };
		1A6396D725EF6E6900DF5B37 /* HomeApi.swift in Sources */ = {isa = PBXBuildFile; fileRef = 1A6396D625EF6E6900DF5B37 /* HomeApi.swift */; };
		1A671FCE25E7A102002CAA01 /* WATabBarController.swift in Sources */ = {isa = PBXBuildFile; fileRef = 1A671FCD25E7A102002CAA01 /* WATabBarController.swift */; };
		1A671FEB25E7B2DD002CAA01 /* BaseViewController.swift in Sources */ = {isa = PBXBuildFile; fileRef = 1A671FEA25E7B2DD002CAA01 /* BaseViewController.swift */; };
		1A6F5A1625F7645C00B1FBEB /* SwiftHeaders.swift in Sources */ = {isa = PBXBuildFile; fileRef = 1A6F5A1525F7645C00B1FBEB /* SwiftHeaders.swift */; };
		1A7AA38C25E3C88B007F7288 /* AppDelegate.swift in Sources */ = {isa = PBXBuildFile; fileRef = 1A7AA38B25E3C88B007F7288 /* AppDelegate.swift */; };
		1A7AA38E25E3C88B007F7288 /* SceneDelegate.swift in Sources */ = {isa = PBXBuildFile; fileRef = 1A7AA38D25E3C88B007F7288 /* SceneDelegate.swift */; };
		1A7AA39325E3C88B007F7288 /* Main.storyboard in Resources */ = {isa = PBXBuildFile; fileRef = 1A7AA39125E3C88B007F7288 /* Main.storyboard */; };
		1A7AA39525E3C88C007F7288 /* Assets.xcassets in Resources */ = {isa = PBXBuildFile; fileRef = 1A7AA39425E3C88C007F7288 /* Assets.xcassets */; };
		1A7AA39825E3C88C007F7288 /* LaunchScreen.storyboard in Resources */ = {isa = PBXBuildFile; fileRef = 1A7AA39625E3C88C007F7288 /* LaunchScreen.storyboard */; };
		1A7AA3A325E3C88C007F7288 /* WanAndroidSwiftTests.swift in Sources */ = {isa = PBXBuildFile; fileRef = 1A7AA3A225E3C88C007F7288 /* WanAndroidSwiftTests.swift */; };
		1A7AA3AE25E3C88C007F7288 /* WanAndroidSwiftUITests.swift in Sources */ = {isa = PBXBuildFile; fileRef = 1A7AA3AD25E3C88C007F7288 /* WanAndroidSwiftUITests.swift */; };
		1A80E78D26033C24005BC35A /* HomeTopArticleModel.swift in Sources */ = {isa = PBXBuildFile; fileRef = 1A80E78C26033C24005BC35A /* HomeTopArticleModel.swift */; };
		1A8473A4263168B700B8AB6D /* TreeApi.swift in Sources */ = {isa = PBXBuildFile; fileRef = 1A8473A3263168B700B8AB6D /* TreeApi.swift */; };
		1A91B8DF25F214F30082582D /* BaseModel.swift in Sources */ = {isa = PBXBuildFile; fileRef = 1A91B8DE25F214F30082582D /* BaseModel.swift */; };
		1A91B8E825F2459C0082582D /* HomeBannerModel.swift in Sources */ = {isa = PBXBuildFile; fileRef = 1A91B8E725F2459C0082582D /* HomeBannerModel.swift */; };
		1AA17AC926257D790081CEF5 /* WebInteraction.swift in Sources */ = {isa = PBXBuildFile; fileRef = 1AA17AC826257D790081CEF5 /* WebInteraction.swift */; };
		1AA17AD62625A2A10081CEF5 /* WebActionHandler.swift in Sources */ = {isa = PBXBuildFile; fileRef = 1AA17AD52625A2A10081CEF5 /* WebActionHandler.swift */; };
		1AC443F72630197300A71E7E /* TreeCategoryModel.swift in Sources */ = {isa = PBXBuildFile; fileRef = 1AC443F62630197300A71E7E /* TreeCategoryModel.swift */; };
		1ACD03A12608AD2B00FEB4D0 /* AsyncKit.swift in Sources */ = {isa = PBXBuildFile; fileRef = 1ACD03A02608AD2B00FEB4D0 /* AsyncKit.swift */; };
		1AD6C14225E51C1000D61CE1 /* WANavigationController.swift in Sources */ = {isa = PBXBuildFile; fileRef = 1AD6C14125E51C1000D61CE1 /* WANavigationController.swift */; };
		1AD921C9261EAD7A0017FEA1 /* VLWebViewController.swift in Sources */ = {isa = PBXBuildFile; fileRef = 1AD921C8261EAD7A0017FEA1 /* VLWebViewController.swift */; };
		1AD921D1261EB48E0017FEA1 /* VLWebView.swift in Sources */ = {isa = PBXBuildFile; fileRef = 1AD921D0261EB48E0017FEA1 /* VLWebView.swift */; };
		1AE657AA25ECED7100E4520F /* MoyaTestViewController.swift in Sources */ = {isa = PBXBuildFile; fileRef = 1AE6579F25ECED7100E4520F /* MoyaTestViewController.swift */; };
		1AE657AB25ECED7100E4520F /* AppUpdateModel.swift in Sources */ = {isa = PBXBuildFile; fileRef = 1AE657A025ECED7100E4520F /* AppUpdateModel.swift */; };
		1AE657AC25ECED7100E4520F /* RMTeamConfig.swift in Sources */ = {isa = PBXBuildFile; fileRef = 1AE657A125ECED7100E4520F /* RMTeamConfig.swift */; };
		1AE657AD25ECED7100E4520F /* AppUpdateTargetType.swift in Sources */ = {isa = PBXBuildFile; fileRef = 1AE657A225ECED7100E4520F /* AppUpdateTargetType.swift */; };
		1AE657AE25ECED7100E4520F /* NetError.swift in Sources */ = {isa = PBXBuildFile; fileRef = 1AE657A325ECED7100E4520F /* NetError.swift */; };
		1AE657AF25ECED7100E4520F /* VLMoyaLogPlugin.swift in Sources */ = {isa = PBXBuildFile; fileRef = 1AE657A425ECED7100E4520F /* VLMoyaLogPlugin.swift */; };
		1AE657B025ECED7100E4520F /* Observable+Extension.swift in Sources */ = {isa = PBXBuildFile; fileRef = 1AE657A525ECED7100E4520F /* Observable+Extension.swift */; };
		1AE657B125ECED7100E4520F /* VLEncryptResponsePlugin.swift in Sources */ = {isa = PBXBuildFile; fileRef = 1AE657A625ECED7100E4520F /* VLEncryptResponsePlugin.swift */; };
		1AE657B225ECED7100E4520F /* VLTargetType.swift in Sources */ = {isa = PBXBuildFile; fileRef = 1AE657A725ECED7100E4520F /* VLTargetType.swift */; };
		1AE657B325ECED7100E4520F /* NetwokManager.swift in Sources */ = {isa = PBXBuildFile; fileRef = 1AE657A825ECED7100E4520F /* NetwokManager.swift */; };
		1AE657B425ECED7100E4520F /* VLNetConstants.swift in Sources */ = {isa = PBXBuildFile; fileRef = 1AE657A925ECED7100E4520F /* VLNetConstants.swift */; };
		1AE657D125ECEE1B00E4520F /* ArrayExtension.swift in Sources */ = {isa = PBXBuildFile; fileRef = 1AE657BA25ECEE1B00E4520F /* ArrayExtension.swift */; };
		1AE657D225ECEE1B00E4520F /* String-Extension.swift in Sources */ = {isa = PBXBuildFile; fileRef = 1AE657BB25ECEE1B00E4520F /* String-Extension.swift */; };
		1AE657D325ECEE1B00E4520F /* DictionaryExtension.swift in Sources */ = {isa = PBXBuildFile; fileRef = 1AE657BC25ECEE1B00E4520F /* DictionaryExtension.swift */; };
		1AE657D425ECEE1B00E4520F /* DateExtension.swift in Sources */ = {isa = PBXBuildFile; fileRef = 1AE657BD25ECEE1B00E4520F /* DateExtension.swift */; };
		1AE657D525ECEE1B00E4520F /* NSArray-Extension.swift in Sources */ = {isa = PBXBuildFile; fileRef = 1AE657BF25ECEE1B00E4520F /* NSArray-Extension.swift */; };
		1AE657D625ECEE1B00E4520F /* NSObject-Extension.swift in Sources */ = {isa = PBXBuildFile; fileRef = 1AE657C025ECEE1B00E4520F /* NSObject-Extension.swift */; };
		1AE657D725ECEE1B00E4520F /* UIImageView-Kingfisher.swift in Sources */ = {isa = PBXBuildFile; fileRef = 1AE657C125ECEE1B00E4520F /* UIImageView-Kingfisher.swift */; };
		1AE657D825ECEE1B00E4520F /* UILabel-Extension.swift in Sources */ = {isa = PBXBuildFile; fileRef = 1AE657C225ECEE1B00E4520F /* UILabel-Extension.swift */; };
		1AE657D925ECEE1B00E4520F /* NSStringExtension.swift in Sources */ = {isa = PBXBuildFile; fileRef = 1AE657C325ECEE1B00E4520F /* NSStringExtension.swift */; };
		1AE657DA25ECEE1B00E4520F /* UIDevice-Extension.swift in Sources */ = {isa = PBXBuildFile; fileRef = 1AE657C425ECEE1B00E4520F /* UIDevice-Extension.swift */; };
		1AE657DB25ECEE1B00E4520F /* UIColor-Extension.swift in Sources */ = {isa = PBXBuildFile; fileRef = 1AE657C525ECEE1B00E4520F /* UIColor-Extension.swift */; };
		1AE657DC25ECEE1B00E4520F /* UIViewExtension.swift in Sources */ = {isa = PBXBuildFile; fileRef = 1AE657C625ECEE1B00E4520F /* UIViewExtension.swift */; };
		1AE657DD25ECEE1B00E4520F /* NSDictionary-Extension.swift in Sources */ = {isa = PBXBuildFile; fileRef = 1AE657C725ECEE1B00E4520F /* NSDictionary-Extension.swift */; };
		1AE657DE25ECEE1B00E4520F /* UIStackView-Extension.swift in Sources */ = {isa = PBXBuildFile; fileRef = 1AE657C825ECEE1B00E4520F /* UIStackView-Extension.swift */; };
		1AE657DF25ECEE1B00E4520F /* UIImageExtension.swift in Sources */ = {isa = PBXBuildFile; fileRef = 1AE657C925ECEE1B00E4520F /* UIImageExtension.swift */; };
		1AE657E025ECEE1B00E4520F /* NSNumberExtension.swift in Sources */ = {isa = PBXBuildFile; fileRef = 1AE657CA25ECEE1B00E4520F /* NSNumberExtension.swift */; };
		1AE657E125ECEE1B00E4520F /* Global.swift in Sources */ = {isa = PBXBuildFile; fileRef = 1AE657CC25ECEE1B00E4520F /* Global.swift */; };
		1AE657E325ECEE1B00E4520F /* MemsTest.swift in Sources */ = {isa = PBXBuildFile; fileRef = 1AE657CF25ECEE1B00E4520F /* MemsTest.swift */; };
		1AE657E425ECEE1B00E4520F /* Mems.swift in Sources */ = {isa = PBXBuildFile; fileRef = 1AE657D025ECEE1B00E4520F /* Mems.swift */; };
		1AE657EA25ECEEAE00E4520F /* EffectKit.swift in Sources */ = {isa = PBXBuildFile; fileRef = 1AE657E925ECEEAE00E4520F /* EffectKit.swift */; };
		1AE657F225ECEED900E4520F /* RegexKit.swift in Sources */ = {isa = PBXBuildFile; fileRef = 1AE657F125ECEED900E4520F /* RegexKit.swift */; };
		1AE657F725ECEF2B00E4520F /* TextKit.swift in Sources */ = {isa = PBXBuildFile; fileRef = 1AE657F625ECEF2B00E4520F /* TextKit.swift */; };
		1AE657FC25ECEF5B00E4520F /* UITableViewKit.swift in Sources */ = {isa = PBXBuildFile; fileRef = 1AE657FB25ECEF5B00E4520F /* UITableViewKit.swift */; };
		1AE6580125ECEF8300E4520F /* UIViewKit.swift in Sources */ = {isa = PBXBuildFile; fileRef = 1AE6580025ECEF8300E4520F /* UIViewKit.swift */; };
		1AE6580625ECEFBF00E4520F /* LoggerKit.swift in Sources */ = {isa = PBXBuildFile; fileRef = 1AE6580525ECEFBF00E4520F /* LoggerKit.swift */; };
		1AE6580B25ECF01C00E4520F /* Utility.swift in Sources */ = {isa = PBXBuildFile; fileRef = 1AE6580A25ECF01C00E4520F /* Utility.swift */; };
		1AE6581125ECF25700E4520F /* HomeViewController.swift in Sources */ = {isa = PBXBuildFile; fileRef = 1AE6581025ECF25700E4520F /* HomeViewController.swift */; };
		1AE6581725ECF4A700E4520F /* TreeViewController.swift in Sources */ = {isa = PBXBuildFile; fileRef = 1AE6581625ECF4A700E4520F /* TreeViewController.swift */; };
		1AE6581D25ECF68D00E4520F /* ProjectViewController.swift in Sources */ = {isa = PBXBuildFile; fileRef = 1AE6581C25ECF68D00E4520F /* ProjectViewController.swift */; };
		1AE6582325ECF6BA00E4520F /* MineViewController.swift in Sources */ = {isa = PBXBuildFile; fileRef = 1AE6582225ECF6BA00E4520F /* MineViewController.swift */; };
		1AE9D94425FF3A6500D7EA0F /* UIImageView+Kingfisher.swift in Sources */ = {isa = PBXBuildFile; fileRef = 1AE9D94325FF3A6500D7EA0F /* UIImageView+Kingfisher.swift */; };
		1AF3CE8E261C561800CDF928 /* MyUILabel.swift in Sources */ = {isa = PBXBuildFile; fileRef = 1AF3CE8D261C561800CDF928 /* MyUILabel.swift */; };
		1AF8F7BB26118734005CFE80 /* HomeArticleListModel.swift in Sources */ = {isa = PBXBuildFile; fileRef = 1AF8F7BA26118734005CFE80 /* HomeArticleListModel.swift */; };
		1AF8F7FC2611E61F005CFE80 /* HomeTableViewCell.swift in Sources */ = {isa = PBXBuildFile; fileRef = 1AF8F7FB2611E61F005CFE80 /* HomeTableViewCell.swift */; };
		1AFE1101260489FD00B3AD9D /* UITableView+System.swift in Sources */ = {isa = PBXBuildFile; fileRef = 1AFE1100260489FD00B3AD9D /* UITableView+System.swift */; };
		3F5DB977225762D27775E742 /* Pods_WanAndroidSwiftTests.framework in Frameworks */ = {isa = PBXBuildFile; fileRef = 9D4E255B2BD397923F11EDD2 /* Pods_WanAndroidSwiftTests.framework */; };
		47AC12BC940AF6AFF62C41A5 /* Pods_WanAndroidSwift.framework in Frameworks */ = {isa = PBXBuildFile; fileRef = 030E3B0EF6E9D6CC38214250 /* Pods_WanAndroidSwift.framework */; };
		979FE97BFAFEB7D0CBE9592F /* Pods_WanAndroidSwift_WanAndroidSwiftUITests.framework in Frameworks */ = {isa = PBXBuildFile; fileRef = 209BAE2F8065DC68ECE2A342 /* Pods_WanAndroidSwift_WanAndroidSwiftUITests.framework */; };
/* End PBXBuildFile section */

/* Begin PBXContainerItemProxy section */
		1A7AA39F25E3C88C007F7288 /* PBXContainerItemProxy */ = {
			isa = PBXContainerItemProxy;
			containerPortal = 1A7AA38025E3C88B007F7288 /* Project object */;
			proxyType = 1;
			remoteGlobalIDString = 1A7AA38725E3C88B007F7288;
			remoteInfo = WanAndroidSwift;
		};
		1A7AA3AA25E3C88C007F7288 /* PBXContainerItemProxy */ = {
			isa = PBXContainerItemProxy;
			containerPortal = 1A7AA38025E3C88B007F7288 /* Project object */;
			proxyType = 1;
			remoteGlobalIDString = 1A7AA38725E3C88B007F7288;
			remoteInfo = WanAndroidSwift;
		};
/* End PBXContainerItemProxy section */

/* Begin PBXFileReference section */
		030E3B0EF6E9D6CC38214250 /* Pods_WanAndroidSwift.framework */ = {isa = PBXFileReference; explicitFileType = wrapper.framework; includeInIndex = 0; path = Pods_WanAndroidSwift.framework; sourceTree = BUILT_PRODUCTS_DIR; };
		0A0AE9F69462E7A9C0E10A03 /* Pods-WanAndroidSwiftTests.debug.xcconfig */ = {isa = PBXFileReference; includeInIndex = 1; lastKnownFileType = text.xcconfig; name = "Pods-WanAndroidSwiftTests.debug.xcconfig"; path = "Target Support Files/Pods-WanAndroidSwiftTests/Pods-WanAndroidSwiftTests.debug.xcconfig"; sourceTree = "<group>"; };
		18AAD41F11AEF1FEACB01EA7 /* Pods-WanAndroidSwift.debug.xcconfig */ = {isa = PBXFileReference; includeInIndex = 1; lastKnownFileType = text.xcconfig; name = "Pods-WanAndroidSwift.debug.xcconfig"; path = "Target Support Files/Pods-WanAndroidSwift/Pods-WanAndroidSwift.debug.xcconfig"; sourceTree = "<group>"; };
		1A15086CA3922EFC38211F6D /* Pods-WanAndroidSwift-WanAndroidSwiftUITests.release.xcconfig */ = {isa = PBXFileReference; includeInIndex = 1; lastKnownFileType = text.xcconfig; name = "Pods-WanAndroidSwift-WanAndroidSwiftUITests.release.xcconfig"; path = "Target Support Files/Pods-WanAndroidSwift-WanAndroidSwiftUITests/Pods-WanAndroidSwift-WanAndroidSwiftUITests.release.xcconfig"; sourceTree = "<group>"; };
		1A1790E925FA041100B1C728 /* PKHUDExtension.swift */ = {isa = PBXFileReference; lastKnownFileType = sourcecode.swift; path = PKHUDExtension.swift; sourceTree = "<group>"; };
		1A5808A32636A8CD00277E1F /* TreeDataHandler.swift */ = {isa = PBXFileReference; lastKnownFileType = sourcecode.swift; path = TreeDataHandler.swift; sourceTree = "<group>"; };
		1A6396C225EF3B2500DF5B37 /* Config.swift */ = {isa = PBXFileReference; lastKnownFileType = sourcecode.swift; path = Config.swift; sourceTree = "<group>"; };
		1A6396CA25EF3B6C00DF5B37 /* Config+URL.swift */ = {isa = PBXFileReference; lastKnownFileType = sourcecode.swift; path = "Config+URL.swift"; sourceTree = "<group>"; };
		1A6396D025EF6D2E00DF5B37 /* HomeDataHandler.swift */ = {isa = PBXFileReference; lastKnownFileType = sourcecode.swift; path = HomeDataHandler.swift; sourceTree = "<group>"; };
		1A6396D625EF6E6900DF5B37 /* HomeApi.swift */ = {isa = PBXFileReference; lastKnownFileType = sourcecode.swift; path = HomeApi.swift; sourceTree = "<group>"; };
		1A671FCD25E7A102002CAA01 /* WATabBarController.swift */ = {isa = PBXFileReference; lastKnownFileType = sourcecode.swift; path = WATabBarController.swift; sourceTree = "<group>"; };
		1A671FEA25E7B2DD002CAA01 /* BaseViewController.swift */ = {isa = PBXFileReference; lastKnownFileType = sourcecode.swift; path = BaseViewController.swift; sourceTree = "<group>"; };
		1A6F5A1525F7645C00B1FBEB /* SwiftHeaders.swift */ = {isa = PBXFileReference; lastKnownFileType = sourcecode.swift; path = SwiftHeaders.swift; sourceTree = "<group>"; };
		1A7AA38825E3C88B007F7288 /* WanAndroidSwift.app */ = {isa = PBXFileReference; explicitFileType = wrapper.application; includeInIndex = 0; path = WanAndroidSwift.app; sourceTree = BUILT_PRODUCTS_DIR; };
		1A7AA38B25E3C88B007F7288 /* AppDelegate.swift */ = {isa = PBXFileReference; lastKnownFileType = sourcecode.swift; path = AppDelegate.swift; sourceTree = "<group>"; };
		1A7AA38D25E3C88B007F7288 /* SceneDelegate.swift */ = {isa = PBXFileReference; lastKnownFileType = sourcecode.swift; path = SceneDelegate.swift; sourceTree = "<group>"; };
		1A7AA39225E3C88B007F7288 /* Base */ = {isa = PBXFileReference; lastKnownFileType = file.storyboard; name = Base; path = Base.lproj/Main.storyboard; sourceTree = "<group>"; };
		1A7AA39425E3C88C007F7288 /* Assets.xcassets */ = {isa = PBXFileReference; lastKnownFileType = folder.assetcatalog; path = Assets.xcassets; sourceTree = "<group>"; };
		1A7AA39725E3C88C007F7288 /* Base */ = {isa = PBXFileReference; lastKnownFileType = file.storyboard; name = Base; path = Base.lproj/LaunchScreen.storyboard; sourceTree = "<group>"; };
		1A7AA39925E3C88C007F7288 /* Info.plist */ = {isa = PBXFileReference; lastKnownFileType = text.plist.xml; path = Info.plist; sourceTree = "<group>"; };
		1A7AA39E25E3C88C007F7288 /* WanAndroidSwiftTests.xctest */ = {isa = PBXFileReference; explicitFileType = wrapper.cfbundle; includeInIndex = 0; path = WanAndroidSwiftTests.xctest; sourceTree = BUILT_PRODUCTS_DIR; };
		1A7AA3A225E3C88C007F7288 /* WanAndroidSwiftTests.swift */ = {isa = PBXFileReference; lastKnownFileType = sourcecode.swift; path = WanAndroidSwiftTests.swift; sourceTree = "<group>"; };
		1A7AA3A425E3C88C007F7288 /* Info.plist */ = {isa = PBXFileReference; lastKnownFileType = text.plist.xml; path = Info.plist; sourceTree = "<group>"; };
		1A7AA3A925E3C88C007F7288 /* WanAndroidSwiftUITests.xctest */ = {isa = PBXFileReference; explicitFileType = wrapper.cfbundle; includeInIndex = 0; path = WanAndroidSwiftUITests.xctest; sourceTree = BUILT_PRODUCTS_DIR; };
		1A7AA3AD25E3C88C007F7288 /* WanAndroidSwiftUITests.swift */ = {isa = PBXFileReference; lastKnownFileType = sourcecode.swift; path = WanAndroidSwiftUITests.swift; sourceTree = "<group>"; };
		1A7AA3AF25E3C88C007F7288 /* Info.plist */ = {isa = PBXFileReference; lastKnownFileType = text.plist.xml; path = Info.plist; sourceTree = "<group>"; };
		1A80E78C26033C24005BC35A /* HomeTopArticleModel.swift */ = {isa = PBXFileReference; lastKnownFileType = sourcecode.swift; path = HomeTopArticleModel.swift; sourceTree = "<group>"; };
		1A8473A3263168B700B8AB6D /* TreeApi.swift */ = {isa = PBXFileReference; lastKnownFileType = sourcecode.swift; path = TreeApi.swift; sourceTree = "<group>"; };
		1A91B8DE25F214F30082582D /* BaseModel.swift */ = {isa = PBXFileReference; lastKnownFileType = sourcecode.swift; path = BaseModel.swift; sourceTree = "<group>"; };
		1A91B8E725F2459C0082582D /* HomeBannerModel.swift */ = {isa = PBXFileReference; lastKnownFileType = sourcecode.swift; path = HomeBannerModel.swift; sourceTree = "<group>"; };
		1AA17AC826257D790081CEF5 /* WebInteraction.swift */ = {isa = PBXFileReference; lastKnownFileType = sourcecode.swift; path = WebInteraction.swift; sourceTree = "<group>"; };
		1AA17AD52625A2A10081CEF5 /* WebActionHandler.swift */ = {isa = PBXFileReference; lastKnownFileType = sourcecode.swift; path = WebActionHandler.swift; sourceTree = "<group>"; };
		1AC443F62630197300A71E7E /* TreeCategoryModel.swift */ = {isa = PBXFileReference; lastKnownFileType = sourcecode.swift; path = TreeCategoryModel.swift; sourceTree = "<group>"; };
		1ACD03A02608AD2B00FEB4D0 /* AsyncKit.swift */ = {isa = PBXFileReference; lastKnownFileType = sourcecode.swift; path = AsyncKit.swift; sourceTree = "<group>"; };
		1AD6C14125E51C1000D61CE1 /* WANavigationController.swift */ = {isa = PBXFileReference; lastKnownFileType = sourcecode.swift; path = WANavigationController.swift; sourceTree = "<group>"; };
		1AD921C8261EAD7A0017FEA1 /* VLWebViewController.swift */ = {isa = PBXFileReference; lastKnownFileType = sourcecode.swift; path = VLWebViewController.swift; sourceTree = "<group>"; };
		1AD921D0261EB48E0017FEA1 /* VLWebView.swift */ = {isa = PBXFileReference; lastKnownFileType = sourcecode.swift; path = VLWebView.swift; sourceTree = "<group>"; };
		1AE6579F25ECED7100E4520F /* MoyaTestViewController.swift */ = {isa = PBXFileReference; fileEncoding = 4; lastKnownFileType = sourcecode.swift; path = MoyaTestViewController.swift; sourceTree = "<group>"; };
		1AE657A025ECED7100E4520F /* AppUpdateModel.swift */ = {isa = PBXFileReference; fileEncoding = 4; lastKnownFileType = sourcecode.swift; path = AppUpdateModel.swift; sourceTree = "<group>"; };
		1AE657A125ECED7100E4520F /* RMTeamConfig.swift */ = {isa = PBXFileReference; fileEncoding = 4; lastKnownFileType = sourcecode.swift; path = RMTeamConfig.swift; sourceTree = "<group>"; };
		1AE657A225ECED7100E4520F /* AppUpdateTargetType.swift */ = {isa = PBXFileReference; fileEncoding = 4; lastKnownFileType = sourcecode.swift; path = AppUpdateTargetType.swift; sourceTree = "<group>"; };
		1AE657A325ECED7100E4520F /* NetError.swift */ = {isa = PBXFileReference; fileEncoding = 4; lastKnownFileType = sourcecode.swift; path = NetError.swift; sourceTree = "<group>"; };
		1AE657A425ECED7100E4520F /* VLMoyaLogPlugin.swift */ = {isa = PBXFileReference; fileEncoding = 4; lastKnownFileType = sourcecode.swift; path = VLMoyaLogPlugin.swift; sourceTree = "<group>"; };
		1AE657A525ECED7100E4520F /* Observable+Extension.swift */ = {isa = PBXFileReference; fileEncoding = 4; lastKnownFileType = sourcecode.swift; path = "Observable+Extension.swift"; sourceTree = "<group>"; };
		1AE657A625ECED7100E4520F /* VLEncryptResponsePlugin.swift */ = {isa = PBXFileReference; fileEncoding = 4; lastKnownFileType = sourcecode.swift; path = VLEncryptResponsePlugin.swift; sourceTree = "<group>"; };
		1AE657A725ECED7100E4520F /* VLTargetType.swift */ = {isa = PBXFileReference; fileEncoding = 4; lastKnownFileType = sourcecode.swift; path = VLTargetType.swift; sourceTree = "<group>"; };
		1AE657A825ECED7100E4520F /* NetwokManager.swift */ = {isa = PBXFileReference; fileEncoding = 4; lastKnownFileType = sourcecode.swift; path = NetwokManager.swift; sourceTree = "<group>"; };
		1AE657A925ECED7100E4520F /* VLNetConstants.swift */ = {isa = PBXFileReference; fileEncoding = 4; lastKnownFileType = sourcecode.swift; path = VLNetConstants.swift; sourceTree = "<group>"; };
		1AE657BA25ECEE1B00E4520F /* ArrayExtension.swift */ = {isa = PBXFileReference; fileEncoding = 4; lastKnownFileType = sourcecode.swift; path = ArrayExtension.swift; sourceTree = "<group>"; };
		1AE657BB25ECEE1B00E4520F /* String-Extension.swift */ = {isa = PBXFileReference; fileEncoding = 4; lastKnownFileType = sourcecode.swift; path = "String-Extension.swift"; sourceTree = "<group>"; };
		1AE657BC25ECEE1B00E4520F /* DictionaryExtension.swift */ = {isa = PBXFileReference; fileEncoding = 4; lastKnownFileType = sourcecode.swift; path = DictionaryExtension.swift; sourceTree = "<group>"; };
		1AE657BD25ECEE1B00E4520F /* DateExtension.swift */ = {isa = PBXFileReference; fileEncoding = 4; lastKnownFileType = sourcecode.swift; path = DateExtension.swift; sourceTree = "<group>"; };
		1AE657BF25ECEE1B00E4520F /* NSArray-Extension.swift */ = {isa = PBXFileReference; fileEncoding = 4; lastKnownFileType = sourcecode.swift; path = "NSArray-Extension.swift"; sourceTree = "<group>"; };
		1AE657C025ECEE1B00E4520F /* NSObject-Extension.swift */ = {isa = PBXFileReference; fileEncoding = 4; lastKnownFileType = sourcecode.swift; path = "NSObject-Extension.swift"; sourceTree = "<group>"; };
		1AE657C125ECEE1B00E4520F /* UIImageView-Kingfisher.swift */ = {isa = PBXFileReference; fileEncoding = 4; lastKnownFileType = sourcecode.swift; path = "UIImageView-Kingfisher.swift"; sourceTree = "<group>"; };
		1AE657C225ECEE1B00E4520F /* UILabel-Extension.swift */ = {isa = PBXFileReference; fileEncoding = 4; lastKnownFileType = sourcecode.swift; path = "UILabel-Extension.swift"; sourceTree = "<group>"; };
		1AE657C325ECEE1B00E4520F /* NSStringExtension.swift */ = {isa = PBXFileReference; fileEncoding = 4; lastKnownFileType = sourcecode.swift; path = NSStringExtension.swift; sourceTree = "<group>"; };
		1AE657C425ECEE1B00E4520F /* UIDevice-Extension.swift */ = {isa = PBXFileReference; fileEncoding = 4; lastKnownFileType = sourcecode.swift; path = "UIDevice-Extension.swift"; sourceTree = "<group>"; };
		1AE657C525ECEE1B00E4520F /* UIColor-Extension.swift */ = {isa = PBXFileReference; fileEncoding = 4; lastKnownFileType = sourcecode.swift; path = "UIColor-Extension.swift"; sourceTree = "<group>"; };
		1AE657C625ECEE1B00E4520F /* UIViewExtension.swift */ = {isa = PBXFileReference; fileEncoding = 4; lastKnownFileType = sourcecode.swift; path = UIViewExtension.swift; sourceTree = "<group>"; };
		1AE657C725ECEE1B00E4520F /* NSDictionary-Extension.swift */ = {isa = PBXFileReference; fileEncoding = 4; lastKnownFileType = sourcecode.swift; path = "NSDictionary-Extension.swift"; sourceTree = "<group>"; };
		1AE657C825ECEE1B00E4520F /* UIStackView-Extension.swift */ = {isa = PBXFileReference; fileEncoding = 4; lastKnownFileType = sourcecode.swift; path = "UIStackView-Extension.swift"; sourceTree = "<group>"; };
		1AE657C925ECEE1B00E4520F /* UIImageExtension.swift */ = {isa = PBXFileReference; fileEncoding = 4; lastKnownFileType = sourcecode.swift; path = UIImageExtension.swift; sourceTree = "<group>"; };
		1AE657CA25ECEE1B00E4520F /* NSNumberExtension.swift */ = {isa = PBXFileReference; fileEncoding = 4; lastKnownFileType = sourcecode.swift; path = NSNumberExtension.swift; sourceTree = "<group>"; };
		1AE657CC25ECEE1B00E4520F /* Global.swift */ = {isa = PBXFileReference; fileEncoding = 4; lastKnownFileType = sourcecode.swift; path = Global.swift; sourceTree = "<group>"; };
		1AE657CF25ECEE1B00E4520F /* MemsTest.swift */ = {isa = PBXFileReference; fileEncoding = 4; lastKnownFileType = sourcecode.swift; path = MemsTest.swift; sourceTree = "<group>"; };
		1AE657D025ECEE1B00E4520F /* Mems.swift */ = {isa = PBXFileReference; fileEncoding = 4; lastKnownFileType = sourcecode.swift; path = Mems.swift; sourceTree = "<group>"; };
		1AE657E925ECEEAE00E4520F /* EffectKit.swift */ = {isa = PBXFileReference; lastKnownFileType = sourcecode.swift; path = EffectKit.swift; sourceTree = "<group>"; };
		1AE657F125ECEED900E4520F /* RegexKit.swift */ = {isa = PBXFileReference; lastKnownFileType = sourcecode.swift; path = RegexKit.swift; sourceTree = "<group>"; };
		1AE657F625ECEF2B00E4520F /* TextKit.swift */ = {isa = PBXFileReference; lastKnownFileType = sourcecode.swift; path = TextKit.swift; sourceTree = "<group>"; };
		1AE657FB25ECEF5B00E4520F /* UITableViewKit.swift */ = {isa = PBXFileReference; lastKnownFileType = sourcecode.swift; path = UITableViewKit.swift; sourceTree = "<group>"; };
		1AE6580025ECEF8300E4520F /* UIViewKit.swift */ = {isa = PBXFileReference; lastKnownFileType = sourcecode.swift; path = UIViewKit.swift; sourceTree = "<group>"; };
		1AE6580525ECEFBF00E4520F /* LoggerKit.swift */ = {isa = PBXFileReference; lastKnownFileType = sourcecode.swift; path = LoggerKit.swift; sourceTree = "<group>"; };
		1AE6580A25ECF01C00E4520F /* Utility.swift */ = {isa = PBXFileReference; lastKnownFileType = sourcecode.swift; path = Utility.swift; sourceTree = "<group>"; };
		1AE6581025ECF25700E4520F /* HomeViewController.swift */ = {isa = PBXFileReference; lastKnownFileType = sourcecode.swift; path = HomeViewController.swift; sourceTree = "<group>"; };
		1AE6581625ECF4A700E4520F /* TreeViewController.swift */ = {isa = PBXFileReference; lastKnownFileType = sourcecode.swift; path = TreeViewController.swift; sourceTree = "<group>"; };
		1AE6581C25ECF68D00E4520F /* ProjectViewController.swift */ = {isa = PBXFileReference; lastKnownFileType = sourcecode.swift; path = ProjectViewController.swift; sourceTree = "<group>"; };
		1AE6582225ECF6BA00E4520F /* MineViewController.swift */ = {isa = PBXFileReference; lastKnownFileType = sourcecode.swift; path = MineViewController.swift; sourceTree = "<group>"; };
		1AE9D94325FF3A6500D7EA0F /* UIImageView+Kingfisher.swift */ = {isa = PBXFileReference; lastKnownFileType = sourcecode.swift; path = "UIImageView+Kingfisher.swift"; sourceTree = "<group>"; };
		1AF3CE8D261C561800CDF928 /* MyUILabel.swift */ = {isa = PBXFileReference; lastKnownFileType = sourcecode.swift; path = MyUILabel.swift; sourceTree = "<group>"; };
		1AF8F7BA26118734005CFE80 /* HomeArticleListModel.swift */ = {isa = PBXFileReference; lastKnownFileType = sourcecode.swift; path = HomeArticleListModel.swift; sourceTree = "<group>"; };
		1AF8F7FB2611E61F005CFE80 /* HomeTableViewCell.swift */ = {isa = PBXFileReference; lastKnownFileType = sourcecode.swift; path = HomeTableViewCell.swift; sourceTree = "<group>"; };
		1AFE1100260489FD00B3AD9D /* UITableView+System.swift */ = {isa = PBXFileReference; lastKnownFileType = sourcecode.swift; path = "UITableView+System.swift"; sourceTree = "<group>"; };
		209BAE2F8065DC68ECE2A342 /* Pods_WanAndroidSwift_WanAndroidSwiftUITests.framework */ = {isa = PBXFileReference; explicitFileType = wrapper.framework; includeInIndex = 0; path = Pods_WanAndroidSwift_WanAndroidSwiftUITests.framework; sourceTree = BUILT_PRODUCTS_DIR; };
		73771C9E735A2BA91614E5BE /* Pods-WanAndroidSwift.release.xcconfig */ = {isa = PBXFileReference; includeInIndex = 1; lastKnownFileType = text.xcconfig; name = "Pods-WanAndroidSwift.release.xcconfig"; path = "Target Support Files/Pods-WanAndroidSwift/Pods-WanAndroidSwift.release.xcconfig"; sourceTree = "<group>"; };
		9D4E255B2BD397923F11EDD2 /* Pods_WanAndroidSwiftTests.framework */ = {isa = PBXFileReference; explicitFileType = wrapper.framework; includeInIndex = 0; path = Pods_WanAndroidSwiftTests.framework; sourceTree = BUILT_PRODUCTS_DIR; };
		B5FFC96B3FEDBA0333346D1A /* Pods-WanAndroidSwift-WanAndroidSwiftUITests.debug.xcconfig */ = {isa = PBXFileReference; includeInIndex = 1; lastKnownFileType = text.xcconfig; name = "Pods-WanAndroidSwift-WanAndroidSwiftUITests.debug.xcconfig"; path = "Target Support Files/Pods-WanAndroidSwift-WanAndroidSwiftUITests/Pods-WanAndroidSwift-WanAndroidSwiftUITests.debug.xcconfig"; sourceTree = "<group>"; };
		D417FB4038A3DFD67B6D24DB /* Pods-WanAndroidSwiftTests.release.xcconfig */ = {isa = PBXFileReference; includeInIndex = 1; lastKnownFileType = text.xcconfig; name = "Pods-WanAndroidSwiftTests.release.xcconfig"; path = "Target Support Files/Pods-WanAndroidSwiftTests/Pods-WanAndroidSwiftTests.release.xcconfig"; sourceTree = "<group>"; };
/* End PBXFileReference section */

/* Begin PBXFrameworksBuildPhase section */
		1A7AA38525E3C88B007F7288 /* Frameworks */ = {
			isa = PBXFrameworksBuildPhase;
			buildActionMask = 2147483647;
			files = (
				47AC12BC940AF6AFF62C41A5 /* Pods_WanAndroidSwift.framework in Frameworks */,
			);
			runOnlyForDeploymentPostprocessing = 0;
		};
		1A7AA39B25E3C88C007F7288 /* Frameworks */ = {
			isa = PBXFrameworksBuildPhase;
			buildActionMask = 2147483647;
			files = (
				3F5DB977225762D27775E742 /* Pods_WanAndroidSwiftTests.framework in Frameworks */,
			);
			runOnlyForDeploymentPostprocessing = 0;
		};
		1A7AA3A625E3C88C007F7288 /* Frameworks */ = {
			isa = PBXFrameworksBuildPhase;
			buildActionMask = 2147483647;
			files = (
				979FE97BFAFEB7D0CBE9592F /* Pods_WanAndroidSwift_WanAndroidSwiftUITests.framework in Frameworks */,
			);
			runOnlyForDeploymentPostprocessing = 0;
		};
/* End PBXFrameworksBuildPhase section */

/* Begin PBXGroup section */
		1A6396C125EF3B0700DF5B37 /* Config */ = {
			isa = PBXGroup;
			children = (
				1A6396C225EF3B2500DF5B37 /* Config.swift */,
				1A6396CA25EF3B6C00DF5B37 /* Config+URL.swift */,
			);
			path = Config;
			sourceTree = "<group>";
		};
		1A6396CF25EF6D2000DF5B37 /* Data */ = {
			isa = PBXGroup;
			children = (
				1A6396D025EF6D2E00DF5B37 /* HomeDataHandler.swift */,
			);
			path = Data;
			sourceTree = "<group>";
		};
		1A671FE925E7B2D2002CAA01 /* Base */ = {
			isa = PBXGroup;
			children = (
				1A671FEA25E7B2DD002CAA01 /* BaseViewController.swift */,
			);
			path = Base;
			sourceTree = "<group>";
		};
		1A7AA37F25E3C88B007F7288 = {
			isa = PBXGroup;
			children = (
				1A7AA38A25E3C88B007F7288 /* WanAndroidSwift */,
				1A7AA3A125E3C88C007F7288 /* WanAndroidSwiftTests */,
				1A7AA3AC25E3C88C007F7288 /* WanAndroidSwiftUITests */,
				1A7AA38925E3C88B007F7288 /* Products */,
				B9E63948EADFC35365E99706 /* Pods */,
				E1E504CCD7B4111B2B0936EA /* Frameworks */,
			);
			sourceTree = "<group>";
		};
		1A7AA38925E3C88B007F7288 /* Products */ = {
			isa = PBXGroup;
			children = (
				1A7AA38825E3C88B007F7288 /* WanAndroidSwift.app */,
				1A7AA39E25E3C88C007F7288 /* WanAndroidSwiftTests.xctest */,
				1A7AA3A925E3C88C007F7288 /* WanAndroidSwiftUITests.xctest */,
			);
			name = Products;
			sourceTree = "<group>";
		};
		1A7AA38A25E3C88B007F7288 /* WanAndroidSwift */ = {
			isa = PBXGroup;
			children = (
				1AD6C13E25E519A000D61CE1 /* Core */,
				1AD6C13D25E5199300D61CE1 /* Main */,
				1AD6C13F25E519A400D61CE1 /* Module */,
				1AD6C14025E519D300D61CE1 /* Resource */,
			);
			path = WanAndroidSwift;
			sourceTree = "<group>";
		};
		1A7AA3A125E3C88C007F7288 /* WanAndroidSwiftTests */ = {
			isa = PBXGroup;
			children = (
				1A7AA3A225E3C88C007F7288 /* WanAndroidSwiftTests.swift */,
				1A7AA3A425E3C88C007F7288 /* Info.plist */,
			);
			path = WanAndroidSwiftTests;
			sourceTree = "<group>";
		};
		1A7AA3AC25E3C88C007F7288 /* WanAndroidSwiftUITests */ = {
			isa = PBXGroup;
			children = (
				1A7AA3AD25E3C88C007F7288 /* WanAndroidSwiftUITests.swift */,
				1A7AA3AF25E3C88C007F7288 /* Info.plist */,
			);
			path = WanAndroidSwiftUITests;
			sourceTree = "<group>";
		};
		1A8473A0263126FC00B8AB6D /* Data */ = {
			isa = PBXGroup;
			children = (
				1A5808A32636A8CD00277E1F /* TreeDataHandler.swift */,
			);
			path = Data;
			sourceTree = "<group>";
		};
		1A8473A12631688000B8AB6D /* API */ = {
			isa = PBXGroup;
			children = (
				1A6396D625EF6E6900DF5B37 /* HomeApi.swift */,
			);
			path = API;
			sourceTree = "<group>";
		};
		1A8473A22631689800B8AB6D /* API */ = {
			isa = PBXGroup;
			children = (
				1A8473A3263168B700B8AB6D /* TreeApi.swift */,
			);
			path = API;
			sourceTree = "<group>";
		};
		1A91B8DD25F214E10082582D /* Model */ = {
			isa = PBXGroup;
			children = (
				1A91B8DE25F214F30082582D /* BaseModel.swift */,
			);
			path = Model;
			sourceTree = "<group>";
		};
		1A91B8E625F245830082582D /* Model */ = {
			isa = PBXGroup;
			children = (
				1A91B8E725F2459C0082582D /* HomeBannerModel.swift */,
				1A80E78C26033C24005BC35A /* HomeTopArticleModel.swift */,
				1AF8F7BA26118734005CFE80 /* HomeArticleListModel.swift */,
			);
			path = Model;
			sourceTree = "<group>";
		};
		1AC443F52630190E00A71E7E /* Model */ = {
			isa = PBXGroup;
			children = (
				1AC443F62630197300A71E7E /* TreeCategoryModel.swift */,
			);
			path = Model;
			sourceTree = "<group>";
		};
		1AD6C13D25E5199300D61CE1 /* Main */ = {
			isa = PBXGroup;
			children = (
				1A91B8DD25F214E10082582D /* Model */,
				1A6396C125EF3B0700DF5B37 /* Config */,
				1A7AA38B25E3C88B007F7288 /* AppDelegate.swift */,
				1A7AA38D25E3C88B007F7288 /* SceneDelegate.swift */,
				1AD6C14125E51C1000D61CE1 /* WANavigationController.swift */,
				1A671FCD25E7A102002CAA01 /* WATabBarController.swift */,
			);
			path = Main;
			sourceTree = "<group>";
		};
		1AD6C13E25E519A000D61CE1 /* Core */ = {
			isa = PBXGroup;
			children = (
				1AE657E825ECEE2600E4520F /* VLKits */,
				1AE657B825ECEE1B00E4520F /* Extension */,
				1AE657CB25ECEE1B00E4520F /* Global */,
				1AE657CE25ECEE1B00E4520F /* Memory */,
				1AE6579D25ECED7100E4520F /* Moya */,
				1A671FE925E7B2D2002CAA01 /* Base */,
			);
			path = Core;
			sourceTree = "<group>";
		};
		1AD6C13F25E519A400D61CE1 /* Module */ = {
			isa = PBXGroup;
			children = (
				1AE6582125ECF6AD00E4520F /* Mine */,
				1AE6581B25ECF65C00E4520F /* Project */,
				1AE6581525ECF49A00E4520F /* Tree */,
				1AE6580F25ECF24B00E4520F /* Home */,
			);
			path = Module;
			sourceTree = "<group>";
		};
		1AD6C14025E519D300D61CE1 /* Resource */ = {
			isa = PBXGroup;
			children = (
				1A7AA39925E3C88C007F7288 /* Info.plist */,
				1A7AA39625E3C88C007F7288 /* LaunchScreen.storyboard */,
				1A7AA39125E3C88B007F7288 /* Main.storyboard */,
				1A7AA39425E3C88C007F7288 /* Assets.xcassets */,
				1A6F5A1525F7645C00B1FBEB /* SwiftHeaders.swift */,
			);
			path = Resource;
			sourceTree = "<group>";
		};
		1AD921C7261EAD3B0017FEA1 /* WebView */ = {
			isa = PBXGroup;
			children = (
				1AD921C8261EAD7A0017FEA1 /* VLWebViewController.swift */,
				1AD921D0261EB48E0017FEA1 /* VLWebView.swift */,
				1AA17AC826257D790081CEF5 /* WebInteraction.swift */,
				1AA17AD52625A2A10081CEF5 /* WebActionHandler.swift */,
			);
			path = WebView;
			sourceTree = "<group>";
		};
		1AE6579D25ECED7100E4520F /* Moya */ = {
			isa = PBXGroup;
			children = (
				1AE6579E25ECED7100E4520F /* Test */,
				1AE657A325ECED7100E4520F /* NetError.swift */,
				1AE657A425ECED7100E4520F /* VLMoyaLogPlugin.swift */,
				1AE657A525ECED7100E4520F /* Observable+Extension.swift */,
				1AE657A625ECED7100E4520F /* VLEncryptResponsePlugin.swift */,
				1AE657A725ECED7100E4520F /* VLTargetType.swift */,
				1AE657A825ECED7100E4520F /* NetwokManager.swift */,
				1AE657A925ECED7100E4520F /* VLNetConstants.swift */,
			);
			path = Moya;
			sourceTree = "<group>";
		};
		1AE6579E25ECED7100E4520F /* Test */ = {
			isa = PBXGroup;
			children = (
				1AE6579F25ECED7100E4520F /* MoyaTestViewController.swift */,
				1AE657A025ECED7100E4520F /* AppUpdateModel.swift */,
				1AE657A125ECED7100E4520F /* RMTeamConfig.swift */,
				1AE657A225ECED7100E4520F /* AppUpdateTargetType.swift */,
			);
			path = Test;
			sourceTree = "<group>";
		};
		1AE657B825ECEE1B00E4520F /* Extension */ = {
			isa = PBXGroup;
			children = (
				1AE657B925ECEE1B00E4520F /* Swift */,
				1AE657BE25ECEE1B00E4520F /* Objective-C */,
			);
			path = Extension;
			sourceTree = "<group>";
		};
		1AE657B925ECEE1B00E4520F /* Swift */ = {
			isa = PBXGroup;
			children = (
				1AE657BA25ECEE1B00E4520F /* ArrayExtension.swift */,
				1AE657BB25ECEE1B00E4520F /* String-Extension.swift */,
				1AE657BC25ECEE1B00E4520F /* DictionaryExtension.swift */,
				1AE657BD25ECEE1B00E4520F /* DateExtension.swift */,
				1A1790E925FA041100B1C728 /* PKHUDExtension.swift */,
				1AE9D94325FF3A6500D7EA0F /* UIImageView+Kingfisher.swift */,
				1AFE1100260489FD00B3AD9D /* UITableView+System.swift */,
			);
			path = Swift;
			sourceTree = "<group>";
		};
		1AE657BE25ECEE1B00E4520F /* Objective-C */ = {
			isa = PBXGroup;
			children = (
				1AE657BF25ECEE1B00E4520F /* NSArray-Extension.swift */,
				1AE657C025ECEE1B00E4520F /* NSObject-Extension.swift */,
				1AE657C125ECEE1B00E4520F /* UIImageView-Kingfisher.swift */,
				1AE657C225ECEE1B00E4520F /* UILabel-Extension.swift */,
				1AE657C325ECEE1B00E4520F /* NSStringExtension.swift */,
				1AE657C425ECEE1B00E4520F /* UIDevice-Extension.swift */,
				1AE657C525ECEE1B00E4520F /* UIColor-Extension.swift */,
				1AE657C625ECEE1B00E4520F /* UIViewExtension.swift */,
				1AE657C725ECEE1B00E4520F /* NSDictionary-Extension.swift */,
				1AE657C825ECEE1B00E4520F /* UIStackView-Extension.swift */,
				1AE657C925ECEE1B00E4520F /* UIImageExtension.swift */,
				1AE657CA25ECEE1B00E4520F /* NSNumberExtension.swift */,
			);
			path = "Objective-C";
			sourceTree = "<group>";
		};
		1AE657CB25ECEE1B00E4520F /* Global */ = {
			isa = PBXGroup;
			children = (
				1AE657CC25ECEE1B00E4520F /* Global.swift */,
			);
			path = Global;
			sourceTree = "<group>";
		};
		1AE657CE25ECEE1B00E4520F /* Memory */ = {
			isa = PBXGroup;
			children = (
				1AE657CF25ECEE1B00E4520F /* MemsTest.swift */,
				1AE657D025ECEE1B00E4520F /* Mems.swift */,
			);
			path = Memory;
			sourceTree = "<group>";
		};
		1AE657E825ECEE2600E4520F /* VLKits */ = {
			isa = PBXGroup;
			children = (
				1AF3CE8C261C55BE00CDF928 /* VLUIKits */,
				1AF3CE8B261C559B00CDF928 /* Tools */,
			);
			path = VLKits;
			sourceTree = "<group>";
		};
		1AE6580F25ECF24B00E4520F /* Home */ = {
			isa = PBXGroup;
			children = (
				1A8473A12631688000B8AB6D /* API */,
				1AF8F7FA2611E604005CFE80 /* View */,
				1A91B8E625F245830082582D /* Model */,
				1A6396CF25EF6D2000DF5B37 /* Data */,
				1AE6581025ECF25700E4520F /* HomeViewController.swift */,
			);
			path = Home;
			sourceTree = "<group>";
		};
		1AE6581525ECF49A00E4520F /* Tree */ = {
			isa = PBXGroup;
			children = (
				1A8473A22631689800B8AB6D /* API */,
				1A8473A0263126FC00B8AB6D /* Data */,
				1AC443F52630190E00A71E7E /* Model */,
				1AE6581625ECF4A700E4520F /* TreeViewController.swift */,
			);
			path = Tree;
			sourceTree = "<group>";
		};
		1AE6581B25ECF65C00E4520F /* Project */ = {
			isa = PBXGroup;
			children = (
				1AE6581C25ECF68D00E4520F /* ProjectViewController.swift */,
			);
			path = Project;
			sourceTree = "<group>";
		};
		1AE6582125ECF6AD00E4520F /* Mine */ = {
			isa = PBXGroup;
			children = (
				1AE6582225ECF6BA00E4520F /* MineViewController.swift */,
			);
			path = Mine;
			sourceTree = "<group>";
		};
		1AF3CE8B261C559B00CDF928 /* Tools */ = {
			isa = PBXGroup;
			children = (
				1AE657E925ECEEAE00E4520F /* EffectKit.swift */,
				1AE657F125ECEED900E4520F /* RegexKit.swift */,
				1AE657F625ECEF2B00E4520F /* TextKit.swift */,
				1AE657FB25ECEF5B00E4520F /* UITableViewKit.swift */,
				1AE6580025ECEF8300E4520F /* UIViewKit.swift */,
				1AE6580525ECEFBF00E4520F /* LoggerKit.swift */,
				1AE6580A25ECF01C00E4520F /* Utility.swift */,
				1ACD03A02608AD2B00FEB4D0 /* AsyncKit.swift */,
			);
			path = Tools;
			sourceTree = "<group>";
		};
		1AF3CE8C261C55BE00CDF928 /* VLUIKits */ = {
			isa = PBXGroup;
			children = (
				1AD921C7261EAD3B0017FEA1 /* WebView */,
				1AF3CE8D261C561800CDF928 /* MyUILabel.swift */,
			);
			path = VLUIKits;
			sourceTree = "<group>";
		};
		1AF8F7FA2611E604005CFE80 /* View */ = {
			isa = PBXGroup;
			children = (
				1AF8F7FB2611E61F005CFE80 /* HomeTableViewCell.swift */,
			);
			path = View;
			sourceTree = "<group>";
		};
		B9E63948EADFC35365E99706 /* Pods */ = {
			isa = PBXGroup;
			children = (
				18AAD41F11AEF1FEACB01EA7 /* Pods-WanAndroidSwift.debug.xcconfig */,
				73771C9E735A2BA91614E5BE /* Pods-WanAndroidSwift.release.xcconfig */,
				B5FFC96B3FEDBA0333346D1A /* Pods-WanAndroidSwift-WanAndroidSwiftUITests.debug.xcconfig */,
				1A15086CA3922EFC38211F6D /* Pods-WanAndroidSwift-WanAndroidSwiftUITests.release.xcconfig */,
				0A0AE9F69462E7A9C0E10A03 /* Pods-WanAndroidSwiftTests.debug.xcconfig */,
				D417FB4038A3DFD67B6D24DB /* Pods-WanAndroidSwiftTests.release.xcconfig */,
			);
			path = Pods;
			sourceTree = "<group>";
		};
		E1E504CCD7B4111B2B0936EA /* Frameworks */ = {
			isa = PBXGroup;
			children = (
				030E3B0EF6E9D6CC38214250 /* Pods_WanAndroidSwift.framework */,
				209BAE2F8065DC68ECE2A342 /* Pods_WanAndroidSwift_WanAndroidSwiftUITests.framework */,
				9D4E255B2BD397923F11EDD2 /* Pods_WanAndroidSwiftTests.framework */,
			);
			name = Frameworks;
			sourceTree = "<group>";
		};
/* End PBXGroup section */

/* Begin PBXNativeTarget section */
		1A7AA38725E3C88B007F7288 /* WanAndroidSwift */ = {
			isa = PBXNativeTarget;
			buildConfigurationList = 1A7AA3B225E3C88C007F7288 /* Build configuration list for PBXNativeTarget "WanAndroidSwift" */;
			buildPhases = (
				B7D5D568BEFDD56626E85434 /* [CP] Check Pods Manifest.lock */,
				1A7AA38425E3C88B007F7288 /* Sources */,
				1A7AA38525E3C88B007F7288 /* Frameworks */,
				1A7AA38625E3C88B007F7288 /* Resources */,
				4A7BEA12765FBED3045C8432 /* [CP] Embed Pods Frameworks */,
			);
			buildRules = (
			);
			dependencies = (
			);
			name = WanAndroidSwift;
			productName = WanAndroidSwift;
			productReference = 1A7AA38825E3C88B007F7288 /* WanAndroidSwift.app */;
			productType = "com.apple.product-type.application";
		};
		1A7AA39D25E3C88C007F7288 /* WanAndroidSwiftTests */ = {
			isa = PBXNativeTarget;
			buildConfigurationList = 1A7AA3B525E3C88C007F7288 /* Build configuration list for PBXNativeTarget "WanAndroidSwiftTests" */;
			buildPhases = (
				75E697EBC491EEA35A3E03EC /* [CP] Check Pods Manifest.lock */,
				1A7AA39A25E3C88C007F7288 /* Sources */,
				1A7AA39B25E3C88C007F7288 /* Frameworks */,
				1A7AA39C25E3C88C007F7288 /* Resources */,
			);
			buildRules = (
			);
			dependencies = (
				1A7AA3A025E3C88C007F7288 /* PBXTargetDependency */,
			);
			name = WanAndroidSwiftTests;
			productName = WanAndroidSwiftTests;
			productReference = 1A7AA39E25E3C88C007F7288 /* WanAndroidSwiftTests.xctest */;
			productType = "com.apple.product-type.bundle.unit-test";
		};
		1A7AA3A825E3C88C007F7288 /* WanAndroidSwiftUITests */ = {
			isa = PBXNativeTarget;
			buildConfigurationList = 1A7AA3B825E3C88C007F7288 /* Build configuration list for PBXNativeTarget "WanAndroidSwiftUITests" */;
			buildPhases = (
				ADC026F65470CD01614A5E85 /* [CP] Check Pods Manifest.lock */,
				1A7AA3A525E3C88C007F7288 /* Sources */,
				1A7AA3A625E3C88C007F7288 /* Frameworks */,
				1A7AA3A725E3C88C007F7288 /* Resources */,
				4E0E4A2482E16E12AE85D67A /* [CP] Embed Pods Frameworks */,
			);
			buildRules = (
			);
			dependencies = (
				1A7AA3AB25E3C88C007F7288 /* PBXTargetDependency */,
			);
			name = WanAndroidSwiftUITests;
			productName = WanAndroidSwiftUITests;
			productReference = 1A7AA3A925E3C88C007F7288 /* WanAndroidSwiftUITests.xctest */;
			productType = "com.apple.product-type.bundle.ui-testing";
		};
/* End PBXNativeTarget section */

/* Begin PBXProject section */
		1A7AA38025E3C88B007F7288 /* Project object */ = {
			isa = PBXProject;
			attributes = {
				LastSwiftUpdateCheck = 1240;
				LastUpgradeCheck = 1240;
				TargetAttributes = {
					1A7AA38725E3C88B007F7288 = {
						CreatedOnToolsVersion = 12.4;
					};
					1A7AA39D25E3C88C007F7288 = {
						CreatedOnToolsVersion = 12.4;
						TestTargetID = 1A7AA38725E3C88B007F7288;
					};
					1A7AA3A825E3C88C007F7288 = {
						CreatedOnToolsVersion = 12.4;
						TestTargetID = 1A7AA38725E3C88B007F7288;
					};
				};
			};
			buildConfigurationList = 1A7AA38325E3C88B007F7288 /* Build configuration list for PBXProject "WanAndroidSwift" */;
			compatibilityVersion = "Xcode 9.3";
			developmentRegion = en;
			hasScannedForEncodings = 0;
			knownRegions = (
				en,
				Base,
			);
			mainGroup = 1A7AA37F25E3C88B007F7288;
			productRefGroup = 1A7AA38925E3C88B007F7288 /* Products */;
			projectDirPath = "";
			projectRoot = "";
			targets = (
				1A7AA38725E3C88B007F7288 /* WanAndroidSwift */,
				1A7AA39D25E3C88C007F7288 /* WanAndroidSwiftTests */,
				1A7AA3A825E3C88C007F7288 /* WanAndroidSwiftUITests */,
			);
		};
/* End PBXProject section */

/* Begin PBXResourcesBuildPhase section */
		1A7AA38625E3C88B007F7288 /* Resources */ = {
			isa = PBXResourcesBuildPhase;
			buildActionMask = 2147483647;
			files = (
				1A7AA39825E3C88C007F7288 /* LaunchScreen.storyboard in Resources */,
				1A7AA39525E3C88C007F7288 /* Assets.xcassets in Resources */,
				1A7AA39325E3C88B007F7288 /* Main.storyboard in Resources */,
			);
			runOnlyForDeploymentPostprocessing = 0;
		};
		1A7AA39C25E3C88C007F7288 /* Resources */ = {
			isa = PBXResourcesBuildPhase;
			buildActionMask = 2147483647;
			files = (
			);
			runOnlyForDeploymentPostprocessing = 0;
		};
		1A7AA3A725E3C88C007F7288 /* Resources */ = {
			isa = PBXResourcesBuildPhase;
			buildActionMask = 2147483647;
			files = (
			);
			runOnlyForDeploymentPostprocessing = 0;
		};
/* End PBXResourcesBuildPhase section */

/* Begin PBXShellScriptBuildPhase section */
		4A7BEA12765FBED3045C8432 /* [CP] Embed Pods Frameworks */ = {
			isa = PBXShellScriptBuildPhase;
			buildActionMask = 2147483647;
			files = (
			);
			inputFileListPaths = (
				"${PODS_ROOT}/Target Support Files/Pods-WanAndroidSwift/Pods-WanAndroidSwift-frameworks-${CONFIGURATION}-input-files.xcfilelist",
			);
			name = "[CP] Embed Pods Frameworks";
			outputFileListPaths = (
				"${PODS_ROOT}/Target Support Files/Pods-WanAndroidSwift/Pods-WanAndroidSwift-frameworks-${CONFIGURATION}-output-files.xcfilelist",
			);
			runOnlyForDeploymentPostprocessing = 0;
			shellPath = /bin/sh;
			shellScript = "\"${PODS_ROOT}/Target Support Files/Pods-WanAndroidSwift/Pods-WanAndroidSwift-frameworks.sh\"\n";
			showEnvVarsInLog = 0;
		};
		4E0E4A2482E16E12AE85D67A /* [CP] Embed Pods Frameworks */ = {
			isa = PBXShellScriptBuildPhase;
			buildActionMask = 2147483647;
			files = (
			);
			inputFileListPaths = (
				"${PODS_ROOT}/Target Support Files/Pods-WanAndroidSwift-WanAndroidSwiftUITests/Pods-WanAndroidSwift-WanAndroidSwiftUITests-frameworks-${CONFIGURATION}-input-files.xcfilelist",
			);
			name = "[CP] Embed Pods Frameworks";
			outputFileListPaths = (
				"${PODS_ROOT}/Target Support Files/Pods-WanAndroidSwift-WanAndroidSwiftUITests/Pods-WanAndroidSwift-WanAndroidSwiftUITests-frameworks-${CONFIGURATION}-output-files.xcfilelist",
			);
			runOnlyForDeploymentPostprocessing = 0;
			shellPath = /bin/sh;
			shellScript = "\"${PODS_ROOT}/Target Support Files/Pods-WanAndroidSwift-WanAndroidSwiftUITests/Pods-WanAndroidSwift-WanAndroidSwiftUITests-frameworks.sh\"\n";
			showEnvVarsInLog = 0;
		};
		75E697EBC491EEA35A3E03EC /* [CP] Check Pods Manifest.lock */ = {
			isa = PBXShellScriptBuildPhase;
			buildActionMask = 2147483647;
			files = (
			);
			inputFileListPaths = (
			);
			inputPaths = (
				"${PODS_PODFILE_DIR_PATH}/Podfile.lock",
				"${PODS_ROOT}/Manifest.lock",
			);
			name = "[CP] Check Pods Manifest.lock";
			outputFileListPaths = (
			);
			outputPaths = (
				"$(DERIVED_FILE_DIR)/Pods-WanAndroidSwiftTests-checkManifestLockResult.txt",
			);
			runOnlyForDeploymentPostprocessing = 0;
			shellPath = /bin/sh;
			shellScript = "diff \"${PODS_PODFILE_DIR_PATH}/Podfile.lock\" \"${PODS_ROOT}/Manifest.lock\" > /dev/null\nif [ $? != 0 ] ; then\n    # print error to STDERR\n    echo \"error: The sandbox is not in sync with the Podfile.lock. Run 'pod install' or update your CocoaPods installation.\" >&2\n    exit 1\nfi\n# This output is used by Xcode 'outputs' to avoid re-running this script phase.\necho \"SUCCESS\" > \"${SCRIPT_OUTPUT_FILE_0}\"\n";
			showEnvVarsInLog = 0;
		};
		ADC026F65470CD01614A5E85 /* [CP] Check Pods Manifest.lock */ = {
			isa = PBXShellScriptBuildPhase;
			buildActionMask = 2147483647;
			files = (
			);
			inputFileListPaths = (
			);
			inputPaths = (
				"${PODS_PODFILE_DIR_PATH}/Podfile.lock",
				"${PODS_ROOT}/Manifest.lock",
			);
			name = "[CP] Check Pods Manifest.lock";
			outputFileListPaths = (
			);
			outputPaths = (
				"$(DERIVED_FILE_DIR)/Pods-WanAndroidSwift-WanAndroidSwiftUITests-checkManifestLockResult.txt",
			);
			runOnlyForDeploymentPostprocessing = 0;
			shellPath = /bin/sh;
			shellScript = "diff \"${PODS_PODFILE_DIR_PATH}/Podfile.lock\" \"${PODS_ROOT}/Manifest.lock\" > /dev/null\nif [ $? != 0 ] ; then\n    # print error to STDERR\n    echo \"error: The sandbox is not in sync with the Podfile.lock. Run 'pod install' or update your CocoaPods installation.\" >&2\n    exit 1\nfi\n# This output is used by Xcode 'outputs' to avoid re-running this script phase.\necho \"SUCCESS\" > \"${SCRIPT_OUTPUT_FILE_0}\"\n";
			showEnvVarsInLog = 0;
		};
		B7D5D568BEFDD56626E85434 /* [CP] Check Pods Manifest.lock */ = {
			isa = PBXShellScriptBuildPhase;
			buildActionMask = 2147483647;
			files = (
			);
			inputFileListPaths = (
			);
			inputPaths = (
				"${PODS_PODFILE_DIR_PATH}/Podfile.lock",
				"${PODS_ROOT}/Manifest.lock",
			);
			name = "[CP] Check Pods Manifest.lock";
			outputFileListPaths = (
			);
			outputPaths = (
				"$(DERIVED_FILE_DIR)/Pods-WanAndroidSwift-checkManifestLockResult.txt",
			);
			runOnlyForDeploymentPostprocessing = 0;
			shellPath = /bin/sh;
			shellScript = "diff \"${PODS_PODFILE_DIR_PATH}/Podfile.lock\" \"${PODS_ROOT}/Manifest.lock\" > /dev/null\nif [ $? != 0 ] ; then\n    # print error to STDERR\n    echo \"error: The sandbox is not in sync with the Podfile.lock. Run 'pod install' or update your CocoaPods installation.\" >&2\n    exit 1\nfi\n# This output is used by Xcode 'outputs' to avoid re-running this script phase.\necho \"SUCCESS\" > \"${SCRIPT_OUTPUT_FILE_0}\"\n";
			showEnvVarsInLog = 0;
		};
/* End PBXShellScriptBuildPhase section */

/* Begin PBXSourcesBuildPhase section */
		1A7AA38425E3C88B007F7288 /* Sources */ = {
			isa = PBXSourcesBuildPhase;
			buildActionMask = 2147483647;
			files = (
				1A1790EA25FA041100B1C728 /* PKHUDExtension.swift in Sources */,
				1AD921C9261EAD7A0017FEA1 /* VLWebViewController.swift in Sources */,
				1AE657FC25ECEF5B00E4520F /* UITableViewKit.swift in Sources */,
				1AE6580125ECEF8300E4520F /* UIViewKit.swift in Sources */,
				1AE657B125ECED7100E4520F /* VLEncryptResponsePlugin.swift in Sources */,
				1AE657D425ECEE1B00E4520F /* DateExtension.swift in Sources */,
				1AE6580625ECEFBF00E4520F /* LoggerKit.swift in Sources */,
				1AF8F7FC2611E61F005CFE80 /* HomeTableViewCell.swift in Sources */,
				1AF8F7BB26118734005CFE80 /* HomeArticleListModel.swift in Sources */,
				1AE657D125ECEE1B00E4520F /* ArrayExtension.swift in Sources */,
				1AE6581125ECF25700E4520F /* HomeViewController.swift in Sources */,
				1AE657D925ECEE1B00E4520F /* NSStringExtension.swift in Sources */,
				1AE657E325ECEE1B00E4520F /* MemsTest.swift in Sources */,
				1AA17AC926257D790081CEF5 /* WebInteraction.swift in Sources */,
				1AE657DB25ECEE1B00E4520F /* UIColor-Extension.swift in Sources */,
				1A671FEB25E7B2DD002CAA01 /* BaseViewController.swift in Sources */,
				1AE6580B25ECF01C00E4520F /* Utility.swift in Sources */,
				1AFE1101260489FD00B3AD9D /* UITableView+System.swift in Sources */,
				1AE657AC25ECED7100E4520F /* RMTeamConfig.swift in Sources */,
				1AE657F725ECEF2B00E4520F /* TextKit.swift in Sources */,
				1A8473A4263168B700B8AB6D /* TreeApi.swift in Sources */,
				1AE657AE25ECED7100E4520F /* NetError.swift in Sources */,
				1A6396CB25EF3B6C00DF5B37 /* Config+URL.swift in Sources */,
				1A7AA38C25E3C88B007F7288 /* AppDelegate.swift in Sources */,
				1AE657B425ECED7100E4520F /* VLNetConstants.swift in Sources */,
				1A7AA38E25E3C88B007F7288 /* SceneDelegate.swift in Sources */,
				1AE657D225ECEE1B00E4520F /* String-Extension.swift in Sources */,
				1AE657D525ECEE1B00E4520F /* NSArray-Extension.swift in Sources */,
				1AE657E425ECEE1B00E4520F /* Mems.swift in Sources */,
				1AE657F225ECEED900E4520F /* RegexKit.swift in Sources */,
				1AE657AD25ECED7100E4520F /* AppUpdateTargetType.swift in Sources */,
				1AE657B025ECED7100E4520F /* Observable+Extension.swift in Sources */,
				1A5808A42636A8CD00277E1F /* TreeDataHandler.swift in Sources */,
				1AD921D1261EB48E0017FEA1 /* VLWebView.swift in Sources */,
				1A6396D725EF6E6900DF5B37 /* HomeApi.swift in Sources */,
				1AE6582325ECF6BA00E4520F /* MineViewController.swift in Sources */,
				1A6396D125EF6D2E00DF5B37 /* HomeDataHandler.swift in Sources */,
				1AE657D625ECEE1B00E4520F /* NSObject-Extension.swift in Sources */,
				1AE6581D25ECF68D00E4520F /* ProjectViewController.swift in Sources */,
				1AE657D725ECEE1B00E4520F /* UIImageView-Kingfisher.swift in Sources */,
				1AE657E125ECEE1B00E4520F /* Global.swift in Sources */,
				1AE657B225ECED7100E4520F /* VLTargetType.swift in Sources */,
				1AA17AD62625A2A10081CEF5 /* WebActionHandler.swift in Sources */,
				1AE657DC25ECEE1B00E4520F /* UIViewExtension.swift in Sources */,
				1AE657DA25ECEE1B00E4520F /* UIDevice-Extension.swift in Sources */,
				1AD6C14225E51C1000D61CE1 /* WANavigationController.swift in Sources */,
				1A80E78D26033C24005BC35A /* HomeTopArticleModel.swift in Sources */,
				1AE657B325ECED7100E4520F /* NetwokManager.swift in Sources */,
				1A6F5A1625F7645C00B1FBEB /* SwiftHeaders.swift in Sources */,
				1AE657D825ECEE1B00E4520F /* UILabel-Extension.swift in Sources */,
				1A6396C325EF3B2500DF5B37 /* Config.swift in Sources */,
				1AC443F72630197300A71E7E /* TreeCategoryModel.swift in Sources */,
				1AE657DD25ECEE1B00E4520F /* NSDictionary-Extension.swift in Sources */,
				1A91B8E825F2459C0082582D /* HomeBannerModel.swift in Sources */,
				1ACD03A12608AD2B00FEB4D0 /* AsyncKit.swift in Sources */,
				1AE657AB25ECED7100E4520F /* AppUpdateModel.swift in Sources */,
				1AE657E025ECEE1B00E4520F /* NSNumberExtension.swift in Sources */,
				1AE6581725ECF4A700E4520F /* TreeViewController.swift in Sources */,
				1AE657DE25ECEE1B00E4520F /* UIStackView-Extension.swift in Sources */,
				1AE657D325ECEE1B00E4520F /* DictionaryExtension.swift in Sources */,
				1A91B8DF25F214F30082582D /* BaseModel.swift in Sources */,
				1AE657AF25ECED7100E4520F /* VLMoyaLogPlugin.swift in Sources */,
				1AE657AA25ECED7100E4520F /* MoyaTestViewController.swift in Sources */,
				1A671FCE25E7A102002CAA01 /* WATabBarController.swift in Sources */,
				1AE9D94425FF3A6500D7EA0F /* UIImageView+Kingfisher.swift in Sources */,
				1AF3CE8E261C561800CDF928 /* MyUILabel.swift in Sources */,
				1AE657EA25ECEEAE00E4520F /* EffectKit.swift in Sources */,
				1AE657DF25ECEE1B00E4520F /* UIImageExtension.swift in Sources */,
			);
			runOnlyForDeploymentPostprocessing = 0;
		};
		1A7AA39A25E3C88C007F7288 /* Sources */ = {
			isa = PBXSourcesBuildPhase;
			buildActionMask = 2147483647;
			files = (
				1A7AA3A325E3C88C007F7288 /* WanAndroidSwiftTests.swift in Sources */,
			);
			runOnlyForDeploymentPostprocessing = 0;
		};
		1A7AA3A525E3C88C007F7288 /* Sources */ = {
			isa = PBXSourcesBuildPhase;
			buildActionMask = 2147483647;
			files = (
				1A7AA3AE25E3C88C007F7288 /* WanAndroidSwiftUITests.swift in Sources */,
			);
			runOnlyForDeploymentPostprocessing = 0;
		};
/* End PBXSourcesBuildPhase section */

/* Begin PBXTargetDependency section */
		1A7AA3A025E3C88C007F7288 /* PBXTargetDependency */ = {
			isa = PBXTargetDependency;
			target = 1A7AA38725E3C88B007F7288 /* WanAndroidSwift */;
			targetProxy = 1A7AA39F25E3C88C007F7288 /* PBXContainerItemProxy */;
		};
		1A7AA3AB25E3C88C007F7288 /* PBXTargetDependency */ = {
			isa = PBXTargetDependency;
			target = 1A7AA38725E3C88B007F7288 /* WanAndroidSwift */;
			targetProxy = 1A7AA3AA25E3C88C007F7288 /* PBXContainerItemProxy */;
		};
/* End PBXTargetDependency section */

/* Begin PBXVariantGroup section */
		1A7AA39125E3C88B007F7288 /* Main.storyboard */ = {
			isa = PBXVariantGroup;
			children = (
				1A7AA39225E3C88B007F7288 /* Base */,
			);
			name = Main.storyboard;
			sourceTree = "<group>";
		};
		1A7AA39625E3C88C007F7288 /* LaunchScreen.storyboard */ = {
			isa = PBXVariantGroup;
			children = (
				1A7AA39725E3C88C007F7288 /* Base */,
			);
			name = LaunchScreen.storyboard;
			sourceTree = "<group>";
		};
/* End PBXVariantGroup section */

/* Begin XCBuildConfiguration section */
		1A7AA3B025E3C88C007F7288 /* Debug */ = {
			isa = XCBuildConfiguration;
			buildSettings = {
				ALWAYS_SEARCH_USER_PATHS = NO;
				CLANG_ANALYZER_NONNULL = YES;
				CLANG_ANALYZER_NUMBER_OBJECT_CONVERSION = YES_AGGRESSIVE;
				CLANG_CXX_LANGUAGE_STANDARD = "gnu++14";
				CLANG_CXX_LIBRARY = "libc++";
				CLANG_ENABLE_MODULES = YES;
				CLANG_ENABLE_OBJC_ARC = YES;
				CLANG_ENABLE_OBJC_WEAK = YES;
				CLANG_WARN_BLOCK_CAPTURE_AUTORELEASING = YES;
				CLANG_WARN_BOOL_CONVERSION = YES;
				CLANG_WARN_COMMA = YES;
				CLANG_WARN_CONSTANT_CONVERSION = YES;
				CLANG_WARN_DEPRECATED_OBJC_IMPLEMENTATIONS = YES;
				CLANG_WARN_DIRECT_OBJC_ISA_USAGE = YES_ERROR;
				CLANG_WARN_DOCUMENTATION_COMMENTS = YES;
				CLANG_WARN_EMPTY_BODY = YES;
				CLANG_WARN_ENUM_CONVERSION = YES;
				CLANG_WARN_INFINITE_RECURSION = YES;
				CLANG_WARN_INT_CONVERSION = YES;
				CLANG_WARN_NON_LITERAL_NULL_CONVERSION = YES;
				CLANG_WARN_OBJC_IMPLICIT_RETAIN_SELF = YES;
				CLANG_WARN_OBJC_LITERAL_CONVERSION = YES;
				CLANG_WARN_OBJC_ROOT_CLASS = YES_ERROR;
				CLANG_WARN_QUOTED_INCLUDE_IN_FRAMEWORK_HEADER = YES;
				CLANG_WARN_RANGE_LOOP_ANALYSIS = YES;
				CLANG_WARN_STRICT_PROTOTYPES = YES;
				CLANG_WARN_SUSPICIOUS_MOVE = YES;
				CLANG_WARN_UNGUARDED_AVAILABILITY = YES_AGGRESSIVE;
				CLANG_WARN_UNREACHABLE_CODE = YES;
				CLANG_WARN__DUPLICATE_METHOD_MATCH = YES;
				COPY_PHASE_STRIP = NO;
				DEBUG_INFORMATION_FORMAT = dwarf;
				ENABLE_STRICT_OBJC_MSGSEND = YES;
				ENABLE_TESTABILITY = YES;
				GCC_C_LANGUAGE_STANDARD = gnu11;
				GCC_DYNAMIC_NO_PIC = NO;
				GCC_NO_COMMON_BLOCKS = YES;
				GCC_OPTIMIZATION_LEVEL = 0;
				GCC_PREPROCESSOR_DEFINITIONS = (
					"DEBUG=1",
					"$(inherited)",
				);
				GCC_WARN_64_TO_32_BIT_CONVERSION = YES;
				GCC_WARN_ABOUT_RETURN_TYPE = YES_ERROR;
				GCC_WARN_UNDECLARED_SELECTOR = YES;
				GCC_WARN_UNINITIALIZED_AUTOS = YES_AGGRESSIVE;
				GCC_WARN_UNUSED_FUNCTION = YES;
				GCC_WARN_UNUSED_VARIABLE = YES;
				IPHONEOS_DEPLOYMENT_TARGET = 12.1;
				MTL_ENABLE_DEBUG_INFO = INCLUDE_SOURCE;
				MTL_FAST_MATH = YES;
				ONLY_ACTIVE_ARCH = YES;
				SDKROOT = iphoneos;
				SWIFT_ACTIVE_COMPILATION_CONDITIONS = DEBUG;
				SWIFT_OPTIMIZATION_LEVEL = "-Onone";
			};
			name = Debug;
		};
		1A7AA3B125E3C88C007F7288 /* Release */ = {
			isa = XCBuildConfiguration;
			buildSettings = {
				ALWAYS_SEARCH_USER_PATHS = NO;
				CLANG_ANALYZER_NONNULL = YES;
				CLANG_ANALYZER_NUMBER_OBJECT_CONVERSION = YES_AGGRESSIVE;
				CLANG_CXX_LANGUAGE_STANDARD = "gnu++14";
				CLANG_CXX_LIBRARY = "libc++";
				CLANG_ENABLE_MODULES = YES;
				CLANG_ENABLE_OBJC_ARC = YES;
				CLANG_ENABLE_OBJC_WEAK = YES;
				CLANG_WARN_BLOCK_CAPTURE_AUTORELEASING = YES;
				CLANG_WARN_BOOL_CONVERSION = YES;
				CLANG_WARN_COMMA = YES;
				CLANG_WARN_CONSTANT_CONVERSION = YES;
				CLANG_WARN_DEPRECATED_OBJC_IMPLEMENTATIONS = YES;
				CLANG_WARN_DIRECT_OBJC_ISA_USAGE = YES_ERROR;
				CLANG_WARN_DOCUMENTATION_COMMENTS = YES;
				CLANG_WARN_EMPTY_BODY = YES;
				CLANG_WARN_ENUM_CONVERSION = YES;
				CLANG_WARN_INFINITE_RECURSION = YES;
				CLANG_WARN_INT_CONVERSION = YES;
				CLANG_WARN_NON_LITERAL_NULL_CONVERSION = YES;
				CLANG_WARN_OBJC_IMPLICIT_RETAIN_SELF = YES;
				CLANG_WARN_OBJC_LITERAL_CONVERSION = YES;
				CLANG_WARN_OBJC_ROOT_CLASS = YES_ERROR;
				CLANG_WARN_QUOTED_INCLUDE_IN_FRAMEWORK_HEADER = YES;
				CLANG_WARN_RANGE_LOOP_ANALYSIS = YES;
				CLANG_WARN_STRICT_PROTOTYPES = YES;
				CLANG_WARN_SUSPICIOUS_MOVE = YES;
				CLANG_WARN_UNGUARDED_AVAILABILITY = YES_AGGRESSIVE;
				CLANG_WARN_UNREACHABLE_CODE = YES;
				CLANG_WARN__DUPLICATE_METHOD_MATCH = YES;
				COPY_PHASE_STRIP = NO;
				DEBUG_INFORMATION_FORMAT = "dwarf-with-dsym";
				ENABLE_NS_ASSERTIONS = NO;
				ENABLE_STRICT_OBJC_MSGSEND = YES;
				GCC_C_LANGUAGE_STANDARD = gnu11;
				GCC_NO_COMMON_BLOCKS = YES;
				GCC_WARN_64_TO_32_BIT_CONVERSION = YES;
				GCC_WARN_ABOUT_RETURN_TYPE = YES_ERROR;
				GCC_WARN_UNDECLARED_SELECTOR = YES;
				GCC_WARN_UNINITIALIZED_AUTOS = YES_AGGRESSIVE;
				GCC_WARN_UNUSED_FUNCTION = YES;
				GCC_WARN_UNUSED_VARIABLE = YES;
				IPHONEOS_DEPLOYMENT_TARGET = 12.1;
				MTL_ENABLE_DEBUG_INFO = NO;
				MTL_FAST_MATH = YES;
				SDKROOT = iphoneos;
				SWIFT_COMPILATION_MODE = wholemodule;
				SWIFT_OPTIMIZATION_LEVEL = "-O";
				VALIDATE_PRODUCT = YES;
			};
			name = Release;
		};
		1A7AA3B325E3C88C007F7288 /* Debug */ = {
			isa = XCBuildConfiguration;
			baseConfigurationReference = 18AAD41F11AEF1FEACB01EA7 /* Pods-WanAndroidSwift.debug.xcconfig */;
			buildSettings = {
				ASSETCATALOG_COMPILER_APPICON_NAME = AppIcon;
				ASSETCATALOG_COMPILER_GLOBAL_ACCENT_COLOR_NAME = AccentColor;
				CODE_SIGN_STYLE = Automatic;
				DEVELOPMENT_TEAM = F275H39946;
				INFOPLIST_FILE = "$(SRCROOT)/WanAndroidSwift/Resource/Info.plist";
				IPHONEOS_DEPLOYMENT_TARGET = 12.1;
				LD_RUNPATH_SEARCH_PATHS = (
					"$(inherited)",
					"@executable_path/Frameworks",
				);
				PRODUCT_BUNDLE_IDENTIFIER = com.violin.WanAndroidSwift;
				PRODUCT_NAME = "$(TARGET_NAME)";
				SWIFT_VERSION = 5.0;
				TARGETED_DEVICE_FAMILY = "1,2";
			};
			name = Debug;
		};
		1A7AA3B425E3C88C007F7288 /* Release */ = {
			isa = XCBuildConfiguration;
			baseConfigurationReference = 73771C9E735A2BA91614E5BE /* Pods-WanAndroidSwift.release.xcconfig */;
			buildSettings = {
				ASSETCATALOG_COMPILER_APPICON_NAME = AppIcon;
				ASSETCATALOG_COMPILER_GLOBAL_ACCENT_COLOR_NAME = AccentColor;
				CODE_SIGN_STYLE = Automatic;
				DEVELOPMENT_TEAM = F275H39946;
				INFOPLIST_FILE = "$(SRCROOT)/WanAndroidSwift/Resource/Info.plist";
				IPHONEOS_DEPLOYMENT_TARGET = 12.1;
				LD_RUNPATH_SEARCH_PATHS = (
					"$(inherited)",
					"@executable_path/Frameworks",
				);
				PRODUCT_BUNDLE_IDENTIFIER = com.violin.WanAndroidSwift;
				PRODUCT_NAME = "$(TARGET_NAME)";
				SWIFT_VERSION = 5.0;
				TARGETED_DEVICE_FAMILY = "1,2";
			};
			name = Release;
		};
		1A7AA3B625E3C88C007F7288 /* Debug */ = {
			isa = XCBuildConfiguration;
			baseConfigurationReference = 0A0AE9F69462E7A9C0E10A03 /* Pods-WanAndroidSwiftTests.debug.xcconfig */;
			buildSettings = {
				ALWAYS_EMBED_SWIFT_STANDARD_LIBRARIES = YES;
				BUNDLE_LOADER = "$(TEST_HOST)";
				CODE_SIGN_STYLE = Automatic;
				DEVELOPMENT_TEAM = F275H39946;
				INFOPLIST_FILE = WanAndroidSwiftTests/Info.plist;
				IPHONEOS_DEPLOYMENT_TARGET = 14.4;
				LD_RUNPATH_SEARCH_PATHS = (
					"$(inherited)",
					"@executable_path/Frameworks",
					"@loader_path/Frameworks",
				);
				PRODUCT_BUNDLE_IDENTIFIER = com.violin.WanAndroidSwiftTests;
				PRODUCT_NAME = "$(TARGET_NAME)";
				SWIFT_VERSION = 5.0;
				TARGETED_DEVICE_FAMILY = "1,2";
				TEST_HOST = "$(BUILT_PRODUCTS_DIR)/WanAndroidSwift.app/WanAndroidSwift";
			};
			name = Debug;
		};
		1A7AA3B725E3C88C007F7288 /* Release */ = {
			isa = XCBuildConfiguration;
			baseConfigurationReference = D417FB4038A3DFD67B6D24DB /* Pods-WanAndroidSwiftTests.release.xcconfig */;
			buildSettings = {
				ALWAYS_EMBED_SWIFT_STANDARD_LIBRARIES = YES;
				BUNDLE_LOADER = "$(TEST_HOST)";
				CODE_SIGN_STYLE = Automatic;
				DEVELOPMENT_TEAM = F275H39946;
				INFOPLIST_FILE = WanAndroidSwiftTests/Info.plist;
				IPHONEOS_DEPLOYMENT_TARGET = 14.4;
				LD_RUNPATH_SEARCH_PATHS = (
					"$(inherited)",
					"@executable_path/Frameworks",
					"@loader_path/Frameworks",
				);
				PRODUCT_BUNDLE_IDENTIFIER = com.violin.WanAndroidSwiftTests;
				PRODUCT_NAME = "$(TARGET_NAME)";
				SWIFT_VERSION = 5.0;
				TARGETED_DEVICE_FAMILY = "1,2";
				TEST_HOST = "$(BUILT_PRODUCTS_DIR)/WanAndroidSwift.app/WanAndroidSwift";
			};
			name = Release;
		};
		1A7AA3B925E3C88C007F7288 /* Debug */ = {
			isa = XCBuildConfiguration;
			baseConfigurationReference = B5FFC96B3FEDBA0333346D1A /* Pods-WanAndroidSwift-WanAndroidSwiftUITests.debug.xcconfig */;
			buildSettings = {
				ALWAYS_EMBED_SWIFT_STANDARD_LIBRARIES = YES;
				CODE_SIGN_STYLE = Automatic;
				DEVELOPMENT_TEAM = F275H39946;
				INFOPLIST_FILE = WanAndroidSwiftUITests/Info.plist;
				LD_RUNPATH_SEARCH_PATHS = (
					"$(inherited)",
					"@executable_path/Frameworks",
					"@loader_path/Frameworks",
				);
				PRODUCT_BUNDLE_IDENTIFIER = com.violin.WanAndroidSwiftUITests;
				PRODUCT_NAME = "$(TARGET_NAME)";
				SWIFT_VERSION = 5.0;
				TARGETED_DEVICE_FAMILY = "1,2";
				TEST_TARGET_NAME = WanAndroidSwift;
			};
			name = Debug;
		};
		1A7AA3BA25E3C88C007F7288 /* Release */ = {
			isa = XCBuildConfiguration;
			baseConfigurationReference = 1A15086CA3922EFC38211F6D /* Pods-WanAndroidSwift-WanAndroidSwiftUITests.release.xcconfig */;
			buildSettings = {
				ALWAYS_EMBED_SWIFT_STANDARD_LIBRARIES = YES;
				CODE_SIGN_STYLE = Automatic;
				DEVELOPMENT_TEAM = F275H39946;
				INFOPLIST_FILE = WanAndroidSwiftUITests/Info.plist;
				LD_RUNPATH_SEARCH_PATHS = (
					"$(inherited)",
					"@executable_path/Frameworks",
					"@loader_path/Frameworks",
				);
				PRODUCT_BUNDLE_IDENTIFIER = com.violin.WanAndroidSwiftUITests;
				PRODUCT_NAME = "$(TARGET_NAME)";
				SWIFT_VERSION = 5.0;
				TARGETED_DEVICE_FAMILY = "1,2";
				TEST_TARGET_NAME = WanAndroidSwift;
			};
			name = Release;
		};
/* End XCBuildConfiguration section */

/* Begin XCConfigurationList section */
		1A7AA38325E3C88B007F7288 /* Build configuration list for PBXProject "WanAndroidSwift" */ = {
			isa = XCConfigurationList;
			buildConfigurations = (
				1A7AA3B025E3C88C007F7288 /* Debug */,
				1A7AA3B125E3C88C007F7288 /* Release */,
			);
			defaultConfigurationIsVisible = 0;
			defaultConfigurationName = Release;
		};
		1A7AA3B225E3C88C007F7288 /* Build configuration list for PBXNativeTarget "WanAndroidSwift" */ = {
			isa = XCConfigurationList;
			buildConfigurations = (
				1A7AA3B325E3C88C007F7288 /* Debug */,
				1A7AA3B425E3C88C007F7288 /* Release */,
			);
			defaultConfigurationIsVisible = 0;
			defaultConfigurationName = Release;
		};
		1A7AA3B525E3C88C007F7288 /* Build configuration list for PBXNativeTarget "WanAndroidSwiftTests" */ = {
			isa = XCConfigurationList;
			buildConfigurations = (
				1A7AA3B625E3C88C007F7288 /* Debug */,
				1A7AA3B725E3C88C007F7288 /* Release */,
			);
			defaultConfigurationIsVisible = 0;
			defaultConfigurationName = Release;
		};
		1A7AA3B825E3C88C007F7288 /* Build configuration list for PBXNativeTarget "WanAndroidSwiftUITests" */ = {
			isa = XCConfigurationList;
			buildConfigurations = (
				1A7AA3B925E3C88C007F7288 /* Debug */,
				1A7AA3BA25E3C88C007F7288 /* Release */,
			);
			defaultConfigurationIsVisible = 0;
			defaultConfigurationName = Release;
		};
/* End XCConfigurationList section */
	};
	rootObject = 1A7AA38025E3C88B007F7288 /* Project object */;
}
