PODS:
  - Alamofire (4.7.3)
  - DeviceKit (1.8.1)
  - Kingfisher (4.10.0)
  - SnapKit (4.0.1)
  - SwiftHandyFrame (5)
  - SwiftyJSON (4.2.0)
  - UIColor_Hex_Swift (4.2.0)

DEPENDENCIES:
  - Alamofire (~> 4.7)
  - DeviceKit (~> 1.3)
  - Kingfisher (~> 4.0)
  - SnapKit (~> 4.0.0)
  - SwiftHandyFrame
  - SwiftyJSON (~> 4.0)
  - UIColor_Hex_Swift (~> 4.2.0)

SPEC REPOS:
  https://github.com/cocoapods/specs.git:
    - Alamofire
    - DeviceKit
    - Kingfisher
    - SnapKit
    - SwiftHandyFrame
    - SwiftyJSON
    - UIColor_Hex_Swift

SPEC CHECKSUMS:
  Alamofire: c7287b6e5d7da964a70935e5db17046b7fde6568
  DeviceKit: eb29be542f5473b46b1c719011cf7de3ec5264ca
  Kingfisher: 43c4b802d8b5256cf1f4379e9cd10b329be6d3e2
  SnapKit: 0de968a9fec17499afa29683b05d0c775b6d1c29
  SwiftHandyFrame: d2c11d3774d73a103cd6287c0933f97ab459d6ff
  SwiftyJSON: c4bcba26dd9ec7a027fc8eade48e2c911f229e96
  UIColor_Hex_Swift: bc07fc197421ee896b9ed6dcfa2054b7fbf75145

PODFILE CHECKSUM: 4c9ea296ebbfac945d0251b4305e29fd4052ba8b

COCOAPODS: 1.5.3
