PODS:
  - Alamofire (4.7.3)
  - Kingfisher (4.10.0)
  - SwiftyJSON (4.2.0)
  - UIColor_Hex_Swift (4.2.0)

DEPENDENCIES:
  - Alamofire (~> 4.7)
  - Kingfisher (~> 4.0)
  - SwiftyJSON (~> 4.0)
  - UIColor_Hex_Swift (~> 4.2.0)

SPEC REPOS:
  https://github.com/cocoapods/specs.git:
    - Alamofire
    - Kingfisher
    - SwiftyJSON
    - UIColor_Hex_Swift

SPEC CHECKSUMS:
  Alamofire: c7287b6e5d7da964a70935e5db17046b7fde6568
  Kingfisher: 43c4b802d8b5256cf1f4379e9cd10b329be6d3e2
  SwiftyJSON: c4bcba26dd9ec7a027fc8eade48e2c911f229e96
  UIColor_Hex_Swift: bc07fc197421ee896b9ed6dcfa2054b7fbf75145

PODFILE CHECKSUM: ac7207f1f1ff02fdc550b78ae455cb73bbed2a6c

COCOAPODS: 1.5.3
